
Microsoft Visual Studio Solution File, Format Version 12.00
# Visual Studio Version 17
VisualStudioVersion = 17.13.35919.96 d17.13
MinimumVisualStudioVersion = 10.0.40219.1
Project("{FAE04EC0-301F-11D3-BF4B-00C04F79EFBC}") = "PacktLibrary", "PacktLibrary\PacktLibrary.csproj", "{3C93E3A1-2F53-4DD8-B2D4-F107C41C3766}"
EndProject
Project("{FAE04EC0-301F-11D3-BF4B-00C04F79EFBC}") = "PeopleApp", "PeopleApp\PeopleApp.csproj", "{B58AB34F-C778-463B-A927-6F02BE6B3B7F}"
EndProject
Global
	GlobalSection(SolutionConfigurationPlatforms) = preSolution
		Debug|Any CPU = Debug|Any CPU
		Release|Any CPU = Release|Any CPU
	EndGlobalSection
	GlobalSection(ProjectConfigurationPlatforms) = postSolution
		{3C93E3A1-2F53-4DD8-B2D4-F107C41C3766}.Debug|Any CPU.ActiveCfg = Debug|Any CPU
		{3C93E3A1-2F53-4DD8-B2D4-F107C41C3766}.Debug|Any CPU.Build.0 = Debug|Any CPU
		{3C93E3A1-2F53-4DD8-B2D4-F107C41C3766}.Release|Any CPU.ActiveCfg = Release|Any CPU
		{3C93E3A1-2F53-4DD8-B2D4-F107C41C3766}.Release|Any CPU.Build.0 = Release|Any CPU
		{B58AB34F-C778-463B-A927-6F02BE6B3B7F}.Debug|Any CPU.ActiveCfg = Debug|Any CPU
		{B58AB34F-C778-463B-A927-6F02BE6B3B7F}.Debug|Any CPU.Build.0 = Debug|Any CPU
		{B58AB34F-C778-463B-A927-6F02BE6B3B7F}.Release|Any CPU.ActiveCfg = Release|Any CPU
		{B58AB34F-C778-463B-A927-6F02BE6B3B7F}.Release|Any CPU.Build.0 = Release|Any CPU
	EndGlobalSection
	GlobalSection(SolutionProperties) = preSolution
		HideSolutionNode = FALSE
	EndGlobalSection
	GlobalSection(ExtensibilityGlobals) = postSolution
		SolutionGuid = {AB4EEA59-4E53-4654-983B-136FD8D4F4F2}
	EndGlobalSection
EndGlobal
