
Microsoft Visual Studio Solution File, Format Version 12.00
# Visual Studio Version 17
VisualStudioVersion = 17.0.31903.59
MinimumVisualStudioVersion = 10.0.40219.1
Project("{2150E333-8FDC-42A3-9474-1A3956D46DE8}") = "Northwind", "Northwind", "{5070B999-9E2D-4291-B3DE-8A5B745B4F99}"
EndProject
Project("{2150E333-8FDC-42A3-9474-1A3956D46DE8}") = "Common", "Common", "{F795BD51-6FB0-435A-BD4D-92531F1E1C7E}"
EndProject
Project("{2150E333-8FDC-42A3-9474-1A3956D46DE8}") = "EntityModels", "EntityModels", "{0611D64C-63E7-454E-A88F-D318D8406E8B}"
EndProject
Project("{2150E333-8FDC-42A3-9474-1A3956D46DE8}") = "SqlServer", "SqlServer", "{A5D2F5ED-44DD-48CB-B676-65A40A7E2AC6}"
EndProject
Project("{FAE04EC0-301F-11D3-BF4B-00C04F79EFBC}") = "Northwind.Common.EntityModels.SqlServer", "Northwind\Common\EntityModels\SqlServer\Northwind.Common.EntityModels.SqlServer.csproj", "{9BB9872B-9CC3-4EDD-97D6-AFF779A526C4}"
EndProject
Project("{2150E333-8FDC-42A3-9474-1A3956D46DE8}") = "DataContext", "DataContext", "{01AA22A3-E7CD-4E38-AD64-23BFF9736C01}"
EndProject
Project("{2150E333-8FDC-42A3-9474-1A3956D46DE8}") = "SqlServer", "SqlServer", "{58C01C56-AE3F-4CC8-8028-4FAFD4123D13}"
EndProject
Project("{FAE04EC0-301F-11D3-BF4B-00C04F79EFBC}") = "Northwind.Common.DataContext.SqlServer", "Northwind\Common\DataContext\SqlServer\Northwind.Common.DataContext.SqlServer.csproj", "{072E7505-F623-4BEE-A213-0BBD134636BF}"
EndProject
Project("{2150E333-8FDC-42A3-9474-1A3956D46DE8}") = "UnitTests", "UnitTests", "{3C799008-C3CA-442F-9D91-2AB9E3D775C1}"
EndProject
Project("{FAE04EC0-301F-11D3-BF4B-00C04F79EFBC}") = "Northwind.Common.UnitTests", "Northwind\Common\UnitTests\Northwind.Common.UnitTests.csproj", "{194732C4-669E-4233-A03D-9EA399EAFC90}"
EndProject
Project("{2150E333-8FDC-42A3-9474-1A3956D46DE8}") = "Web", "Web", "{815AE1C9-977C-48B2-A482-68931C6A40C8}"
EndProject
Project("{FAE04EC0-301F-11D3-BF4B-00C04F79EFBC}") = "Northwind.Web", "Northwind\Web\Northwind.Web.csproj", "{9E5AE4DB-2ECA-473A-8EA4-ED6C21E59000}"
EndProject
Project("{2150E333-8FDC-42A3-9474-1A3956D46DE8}") = "Razor", "Razor", "{E70B68A2-3AE0-45E8-87F6-DFC4C522D433}"
EndProject
Project("{2150E333-8FDC-42A3-9474-1A3956D46DE8}") = "Employees", "Employees", "{F7057DE8-46AB-4490-8FCE-FE5560C30AD1}"
EndProject
Project("{FAE04EC0-301F-11D3-BF4B-00C04F79EFBC}") = "Northwind.Razor.Employees", "Northwind\Razor\Employees\Northwind.Razor.Employees.csproj", "{5A759AB1-42B5-490F-826A-824C27214A6B}"
EndProject
Project("{2150E333-8FDC-42A3-9474-1A3956D46DE8}") = "Mvc", "Mvc", "{CCE6D990-7A52-4DA1-9330-EECEA484B59A}"
EndProject
Project("{FAE04EC0-301F-11D3-BF4B-00C04F79EFBC}") = "Northwind.Mvc", "Northwind\Mvc\Northwind.Mvc.csproj", "{2FA784B8-4D84-4E1F-914F-0B583589A491}"
EndProject
Project("{2150E333-8FDC-42A3-9474-1A3956D46DE8}") = "WebApi", "WebApi", "{9248D495-5DF4-1421-7E29-DBCFF5E280A6}"
EndProject
Project("{FAE04EC0-301F-11D3-BF4B-00C04F79EFBC}") = "Northwind.WebApi", "Northwind\WebApi\Northwind.WebApi.csproj", "{7697C778-EB0E-4FE3-8437-83176337A1AE}"
EndProject
Global
	GlobalSection(SolutionConfigurationPlatforms) = preSolution
		Debug|Any CPU = Debug|Any CPU
		Release|Any CPU = Release|Any CPU
	EndGlobalSection
	GlobalSection(ProjectConfigurationPlatforms) = postSolution
		{9BB9872B-9CC3-4EDD-97D6-AFF779A526C4}.Debug|Any CPU.ActiveCfg = Debug|Any CPU
		{9BB9872B-9CC3-4EDD-97D6-AFF779A526C4}.Debug|Any CPU.Build.0 = Debug|Any CPU
		{9BB9872B-9CC3-4EDD-97D6-AFF779A526C4}.Release|Any CPU.ActiveCfg = Release|Any CPU
		{9BB9872B-9CC3-4EDD-97D6-AFF779A526C4}.Release|Any CPU.Build.0 = Release|Any CPU
		{072E7505-F623-4BEE-A213-0BBD134636BF}.Debug|Any CPU.ActiveCfg = Debug|Any CPU
		{072E7505-F623-4BEE-A213-0BBD134636BF}.Debug|Any CPU.Build.0 = Debug|Any CPU
		{072E7505-F623-4BEE-A213-0BBD134636BF}.Release|Any CPU.ActiveCfg = Release|Any CPU
		{072E7505-F623-4BEE-A213-0BBD134636BF}.Release|Any CPU.Build.0 = Release|Any CPU
		{194732C4-669E-4233-A03D-9EA399EAFC90}.Debug|Any CPU.ActiveCfg = Debug|Any CPU
		{194732C4-669E-4233-A03D-9EA399EAFC90}.Debug|Any CPU.Build.0 = Debug|Any CPU
		{194732C4-669E-4233-A03D-9EA399EAFC90}.Release|Any CPU.ActiveCfg = Release|Any CPU
		{194732C4-669E-4233-A03D-9EA399EAFC90}.Release|Any CPU.Build.0 = Release|Any CPU
		{9E5AE4DB-2ECA-473A-8EA4-ED6C21E59000}.Debug|Any CPU.ActiveCfg = Debug|Any CPU
		{9E5AE4DB-2ECA-473A-8EA4-ED6C21E59000}.Debug|Any CPU.Build.0 = Debug|Any CPU
		{9E5AE4DB-2ECA-473A-8EA4-ED6C21E59000}.Release|Any CPU.ActiveCfg = Release|Any CPU
		{9E5AE4DB-2ECA-473A-8EA4-ED6C21E59000}.Release|Any CPU.Build.0 = Release|Any CPU
		{5A759AB1-42B5-490F-826A-824C27214A6B}.Debug|Any CPU.ActiveCfg = Debug|Any CPU
		{5A759AB1-42B5-490F-826A-824C27214A6B}.Debug|Any CPU.Build.0 = Debug|Any CPU
		{5A759AB1-42B5-490F-826A-824C27214A6B}.Release|Any CPU.ActiveCfg = Release|Any CPU
		{5A759AB1-42B5-490F-826A-824C27214A6B}.Release|Any CPU.Build.0 = Release|Any CPU
		{2FA784B8-4D84-4E1F-914F-0B583589A491}.Debug|Any CPU.ActiveCfg = Debug|Any CPU
		{2FA784B8-4D84-4E1F-914F-0B583589A491}.Debug|Any CPU.Build.0 = Debug|Any CPU
		{2FA784B8-4D84-4E1F-914F-0B583589A491}.Release|Any CPU.ActiveCfg = Release|Any CPU
		{2FA784B8-4D84-4E1F-914F-0B583589A491}.Release|Any CPU.Build.0 = Release|Any CPU
		{7697C778-EB0E-4FE3-8437-83176337A1AE}.Debug|Any CPU.ActiveCfg = Debug|Any CPU
		{7697C778-EB0E-4FE3-8437-83176337A1AE}.Debug|Any CPU.Build.0 = Debug|Any CPU
		{7697C778-EB0E-4FE3-8437-83176337A1AE}.Release|Any CPU.ActiveCfg = Release|Any CPU
		{7697C778-EB0E-4FE3-8437-83176337A1AE}.Release|Any CPU.Build.0 = Release|Any CPU
	EndGlobalSection
	GlobalSection(SolutionProperties) = preSolution
		HideSolutionNode = FALSE
	EndGlobalSection
	GlobalSection(NestedProjects) = preSolution
		{F795BD51-6FB0-435A-BD4D-92531F1E1C7E} = {5070B999-9E2D-4291-B3DE-8A5B745B4F99}
		{0611D64C-63E7-454E-A88F-D318D8406E8B} = {F795BD51-6FB0-435A-BD4D-92531F1E1C7E}
		{A5D2F5ED-44DD-48CB-B676-65A40A7E2AC6} = {0611D64C-63E7-454E-A88F-D318D8406E8B}
		{9BB9872B-9CC3-4EDD-97D6-AFF779A526C4} = {A5D2F5ED-44DD-48CB-B676-65A40A7E2AC6}
		{01AA22A3-E7CD-4E38-AD64-23BFF9736C01} = {F795BD51-6FB0-435A-BD4D-92531F1E1C7E}
		{58C01C56-AE3F-4CC8-8028-4FAFD4123D13} = {01AA22A3-E7CD-4E38-AD64-23BFF9736C01}
		{072E7505-F623-4BEE-A213-0BBD134636BF} = {58C01C56-AE3F-4CC8-8028-4FAFD4123D13}
		{3C799008-C3CA-442F-9D91-2AB9E3D775C1} = {F795BD51-6FB0-435A-BD4D-92531F1E1C7E}
		{194732C4-669E-4233-A03D-9EA399EAFC90} = {3C799008-C3CA-442F-9D91-2AB9E3D775C1}
		{815AE1C9-977C-48B2-A482-68931C6A40C8} = {5070B999-9E2D-4291-B3DE-8A5B745B4F99}
		{9E5AE4DB-2ECA-473A-8EA4-ED6C21E59000} = {815AE1C9-977C-48B2-A482-68931C6A40C8}
		{E70B68A2-3AE0-45E8-87F6-DFC4C522D433} = {5070B999-9E2D-4291-B3DE-8A5B745B4F99}
		{F7057DE8-46AB-4490-8FCE-FE5560C30AD1} = {E70B68A2-3AE0-45E8-87F6-DFC4C522D433}
		{5A759AB1-42B5-490F-826A-824C27214A6B} = {F7057DE8-46AB-4490-8FCE-FE5560C30AD1}
		{CCE6D990-7A52-4DA1-9330-EECEA484B59A} = {5070B999-9E2D-4291-B3DE-8A5B745B4F99}
		{2FA784B8-4D84-4E1F-914F-0B583589A491} = {CCE6D990-7A52-4DA1-9330-EECEA484B59A}
		{9248D495-5DF4-1421-7E29-DBCFF5E280A6} = {5070B999-9E2D-4291-B3DE-8A5B745B4F99}
		{7697C778-EB0E-4FE3-8437-83176337A1AE} = {9248D495-5DF4-1421-7E29-DBCFF5E280A6}
	EndGlobalSection
EndGlobal
