
Microsoft Visual Studio Solution File, Format Version 12.00
# Visual Studio Version 17
VisualStudioVersion = 17.5.002.0
MinimumVisualStudioVersion = 10.0.40219.1
Project("{2150E333-8FDC-42A3-9474-1A3956D46DE8}") = "Northwind", "Northwind", "{6EACCBF5-73EE-47D8-802E-C0E85EA42709}"
EndProject
Project("{2150E333-8FDC-42A3-9474-1A3956D46DE8}") = "Common", "Common", "{B3F971CB-D0E8-4494-A61C-D8885664B8B9}"
EndProject
Project("{2150E333-8FDC-42A3-9474-1A3956D46DE8}") = "DataContext", "DataContext", "{460063FF-795C-49EC-A228-47B6FC24921D}"
EndProject
Project("{9A19103F-16F7-4668-BE54-9A1E7A4F7556}") = "Northwind.Common.DataContext.SQLServer", "Northwind\Common\DataContext\SQLServer\Northwind.Common.DataContext.SQLServer.csproj", "{996D6151-B4FC-4AC8-B9AB-D86AC2631FEB}"
EndProject
Project("{2150E333-8FDC-42A3-9474-1A3956D46DE8}") = "EntityModels", "EntityModels", "{3B377B57-97DB-4153-A2C0-69605276D70B}"
EndProject
Project("{9A19103F-16F7-4668-BE54-9A1E7A4F7556}") = "Northwind.Common.EntityModels.SQLServer", "Northwind\Common\EntityModels\SQLServer\Northwind.Common.EntityModels.SQLServer.csproj", "{C8992775-EE07-40CB-B3BA-930D9F2E9806}"
EndProject
Project("{2150E333-8FDC-42A3-9474-1A3956D46DE8}") = "UnitTests", "UnitTests", "{A2E8F1F1-769C-44B9-8825-FCFADE9C46D5}"
EndProject
Project("{FAE04EC0-301F-11D3-BF4B-00C04F79EFBC}") = "Northwind.Common.UnitTests", "Northwind\Common\UnitTests\Northwind.Common.UnitTests.csproj", "{9D8627F5-4DD5-4636-910A-290BE6EBF12C}"
EndProject
Project("{2150E333-8FDC-42A3-9474-1A3956D46DE8}") = "Web", "Web", "{2C047E0A-F20F-4321-A09F-B6545F199CC9}"
EndProject
Project("{FAE04EC0-301F-11D3-BF4B-00C04F79EFBC}") = "Northwind.Web", "Northwind\Web\Northwind.Web\Northwind.Web.csproj", "{BB200FCE-94E1-4F17-9847-19550B4752F0}"
EndProject
Project("{2150E333-8FDC-42A3-9474-1A3956D46DE8}") = "Razor", "Razor", "{70E523BC-0E29-4B3E-8C39-65F3633081C2}"
EndProject
Project("{2150E333-8FDC-42A3-9474-1A3956D46DE8}") = "Employees", "Employees", "{2ABF7077-6130-4665-B0C9-27942D2D7E1A}"
EndProject
Project("{FAE04EC0-301F-11D3-BF4B-00C04F79EFBC}") = "Northwind.Razor.Employees", "Northwind\Razor\Employees\Northwind.Razor.Employees\Northwind.Razor.Employees.csproj", "{5E457221-16E8-4E9C-97A6-E6E4D59CBDCF}"
EndProject
Global
	GlobalSection(SolutionConfigurationPlatforms) = preSolution
		Debug|Any CPU = Debug|Any CPU
		Release|Any CPU = Release|Any CPU
	EndGlobalSection
	GlobalSection(ProjectConfigurationPlatforms) = postSolution
		{996D6151-B4FC-4AC8-B9AB-D86AC2631FEB}.Debug|Any CPU.ActiveCfg = Debug|Any CPU
		{996D6151-B4FC-4AC8-B9AB-D86AC2631FEB}.Debug|Any CPU.Build.0 = Debug|Any CPU
		{996D6151-B4FC-4AC8-B9AB-D86AC2631FEB}.Release|Any CPU.ActiveCfg = Release|Any CPU
		{996D6151-B4FC-4AC8-B9AB-D86AC2631FEB}.Release|Any CPU.Build.0 = Release|Any CPU
		{C8992775-EE07-40CB-B3BA-930D9F2E9806}.Debug|Any CPU.ActiveCfg = Debug|Any CPU
		{C8992775-EE07-40CB-B3BA-930D9F2E9806}.Debug|Any CPU.Build.0 = Debug|Any CPU
		{C8992775-EE07-40CB-B3BA-930D9F2E9806}.Release|Any CPU.ActiveCfg = Release|Any CPU
		{C8992775-EE07-40CB-B3BA-930D9F2E9806}.Release|Any CPU.Build.0 = Release|Any CPU
		{9D8627F5-4DD5-4636-910A-290BE6EBF12C}.Debug|Any CPU.ActiveCfg = Debug|Any CPU
		{9D8627F5-4DD5-4636-910A-290BE6EBF12C}.Debug|Any CPU.Build.0 = Debug|Any CPU
		{9D8627F5-4DD5-4636-910A-290BE6EBF12C}.Release|Any CPU.ActiveCfg = Release|Any CPU
		{9D8627F5-4DD5-4636-910A-290BE6EBF12C}.Release|Any CPU.Build.0 = Release|Any CPU
		{BB200FCE-94E1-4F17-9847-19550B4752F0}.Debug|Any CPU.ActiveCfg = Debug|Any CPU
		{BB200FCE-94E1-4F17-9847-19550B4752F0}.Debug|Any CPU.Build.0 = Debug|Any CPU
		{BB200FCE-94E1-4F17-9847-19550B4752F0}.Release|Any CPU.ActiveCfg = Release|Any CPU
		{BB200FCE-94E1-4F17-9847-19550B4752F0}.Release|Any CPU.Build.0 = Release|Any CPU
		{5E457221-16E8-4E9C-97A6-E6E4D59CBDCF}.Debug|Any CPU.ActiveCfg = Debug|Any CPU
		{5E457221-16E8-4E9C-97A6-E6E4D59CBDCF}.Debug|Any CPU.Build.0 = Debug|Any CPU
		{5E457221-16E8-4E9C-97A6-E6E4D59CBDCF}.Release|Any CPU.ActiveCfg = Release|Any CPU
		{5E457221-16E8-4E9C-97A6-E6E4D59CBDCF}.Release|Any CPU.Build.0 = Release|Any CPU
	EndGlobalSection
	GlobalSection(SolutionProperties) = preSolution
		HideSolutionNode = FALSE
	EndGlobalSection
	GlobalSection(NestedProjects) = preSolution
		{B3F971CB-D0E8-4494-A61C-D8885664B8B9} = {6EACCBF5-73EE-47D8-802E-C0E85EA42709}
		{460063FF-795C-49EC-A228-47B6FC24921D} = {B3F971CB-D0E8-4494-A61C-D8885664B8B9}
		{996D6151-B4FC-4AC8-B9AB-D86AC2631FEB} = {460063FF-795C-49EC-A228-47B6FC24921D}
		{3B377B57-97DB-4153-A2C0-69605276D70B} = {B3F971CB-D0E8-4494-A61C-D8885664B8B9}
		{C8992775-EE07-40CB-B3BA-930D9F2E9806} = {3B377B57-97DB-4153-A2C0-69605276D70B}
		{A2E8F1F1-769C-44B9-8825-FCFADE9C46D5} = {B3F971CB-D0E8-4494-A61C-D8885664B8B9}
		{9D8627F5-4DD5-4636-910A-290BE6EBF12C} = {A2E8F1F1-769C-44B9-8825-FCFADE9C46D5}
		{2C047E0A-F20F-4321-A09F-B6545F199CC9} = {6EACCBF5-73EE-47D8-802E-C0E85EA42709}
		{BB200FCE-94E1-4F17-9847-19550B4752F0} = {2C047E0A-F20F-4321-A09F-B6545F199CC9}
		{70E523BC-0E29-4B3E-8C39-65F3633081C2} = {6EACCBF5-73EE-47D8-802E-C0E85EA42709}
		{2ABF7077-6130-4665-B0C9-27942D2D7E1A} = {70E523BC-0E29-4B3E-8C39-65F3633081C2}
		{5E457221-16E8-4E9C-97A6-E6E4D59CBDCF} = {2ABF7077-6130-4665-B0C9-27942D2D7E1A}
	EndGlobalSection
	GlobalSection(ExtensibilityGlobals) = postSolution
		SolutionGuid = {A1B25D8C-9EF9-4007-911B-FCCD40D8D9F9}
	EndGlobalSection
EndGlobal
