
Microsoft Visual Studio Solution File, Format Version 12.00
# Visual Studio Version 17
VisualStudioVersion = 17.0.31903.59
MinimumVisualStudioVersion = 10.0.40219.1
Project("{FAE04EC0-301F-11D3-BF4B-00C04F79EFBC}") = "Northwind.EntityModels.SqlServer", "Northwind.EntityModels.SqlServer\Northwind.EntityModels.SqlServer.csproj", "{8D802E10-CB5B-1E8D-2553-96A727113190}"
EndProject
Project("{FAE04EC0-301F-11D3-BF4B-00C04F79EFBC}") = "Northwind.DataContext.SqlServer", "Northwind.DataContext.SqlServer\Northwind.DataContext.SqlServer.csproj", "{4705DFFA-6FA0-4E75-83BB-5CF2374042D3}"
EndProject
Project("{FAE04EC0-301F-11D3-BF4B-00C04F79EFBC}") = "Northwind.UnitTests", "Northwind.UnitTests\Northwind.UnitTests.csproj", "{AAD58319-B226-4C65-A9FA-C3FD4E940540}"
EndProject
Global
	GlobalSection(SolutionConfigurationPlatforms) = preSolution
		Debug|Any CPU = Debug|Any CPU
		Release|Any CPU = Release|Any CPU
	EndGlobalSection
	GlobalSection(ProjectConfigurationPlatforms) = postSolution
		{8D802E10-CB5B-1E8D-2553-96A727113190}.Debug|Any CPU.ActiveCfg = Debug|Any CPU
		{8D802E10-CB5B-1E8D-2553-96A727113190}.Debug|Any CPU.Build.0 = Debug|Any CPU
		{8D802E10-CB5B-1E8D-2553-96A727113190}.Release|Any CPU.ActiveCfg = Release|Any CPU
		{8D802E10-CB5B-1E8D-2553-96A727113190}.Release|Any CPU.Build.0 = Release|Any CPU
		{4705DFFA-6FA0-4E75-83BB-5CF2374042D3}.Debug|Any CPU.ActiveCfg = Debug|Any CPU
		{4705DFFA-6FA0-4E75-83BB-5CF2374042D3}.Debug|Any CPU.Build.0 = Debug|Any CPU
		{4705DFFA-6FA0-4E75-83BB-5CF2374042D3}.Release|Any CPU.ActiveCfg = Release|Any CPU
		{4705DFFA-6FA0-4E75-83BB-5CF2374042D3}.Release|Any CPU.Build.0 = Release|Any CPU
		{AAD58319-B226-4C65-A9FA-C3FD4E940540}.Debug|Any CPU.ActiveCfg = Debug|Any CPU
		{AAD58319-B226-4C65-A9FA-C3FD4E940540}.Debug|Any CPU.Build.0 = Debug|Any CPU
		{AAD58319-B226-4C65-A9FA-C3FD4E940540}.Release|Any CPU.ActiveCfg = Release|Any CPU
		{AAD58319-B226-4C65-A9FA-C3FD4E940540}.Release|Any CPU.Build.0 = Release|Any CPU
	EndGlobalSection
	GlobalSection(SolutionProperties) = preSolution
		HideSolutionNode = FALSE
	EndGlobalSection
	GlobalSection(ExtensibilityGlobals) = postSolution
		SolutionGuid = {2CFE29D4-4DB0-44CE-85EF-A34B7AFEF6DB}
	EndGlobalSection
EndGlobal
