
Microsoft Visual Studio Solution File, Format Version 12.00
# Visual Studio Version 17
VisualStudioVersion = 17.5.002.0
MinimumVisualStudioVersion = 10.0.40219.1
Project("{9A19103F-16F7-4668-BE54-9A1E7A4F7556}") = "PetsAdoption", "PetsAdoption.csproj", "{41129957-8053-4AED-884B-728E4AC20C9E}"
EndProject
Global
	GlobalSection(SolutionConfigurationPlatforms) = preSolution
		Debug|Any CPU = Debug|Any CPU
		Release|Any CPU = Release|Any CPU
	EndGlobalSection
	GlobalSection(ProjectConfigurationPlatforms) = postSolution
		{41129957-8053-4AED-884B-728E4AC20C9E}.Debug|Any CPU.ActiveCfg = Debug|Any CPU
		{41129957-8053-4AED-884B-728E4AC20C9E}.Debug|Any CPU.Build.0 = Debug|Any CPU
		{41129957-8053-4AED-884B-728E4AC20C9E}.Release|Any CPU.ActiveCfg = Release|Any CPU
		{41129957-8053-4AED-884B-728E4AC20C9E}.Release|Any CPU.Build.0 = Release|Any CPU
	EndGlobalSection
	GlobalSection(SolutionProperties) = preSolution
		HideSolutionNode = FALSE
	EndGlobalSection
	GlobalSection(ExtensibilityGlobals) = postSolution
		SolutionGuid = {EC12739E-86FE-4573-A0AC-FFBA96489995}
	EndGlobalSection
EndGlobal
