
Microsoft Visual Studio Solution File, Format Version 12.00
# Visual Studio Version 17
VisualStudioVersion = 17.5.002.0
MinimumVisualStudioVersion = 10.0.40219.1
Project("{9A19103F-16F7-4668-BE54-9A1E7A4F7556}") = "ReferenceAndValueType", "ReferenceAndValueType.csproj", "{5826900A-DB51-47CD-8A12-9BB9E37E43D4}"
EndProject
Global
	GlobalSection(SolutionConfigurationPlatforms) = preSolution
		Debug|Any CPU = Debug|Any CPU
		Release|Any CPU = Release|Any CPU
	EndGlobalSection
	GlobalSection(ProjectConfigurationPlatforms) = postSolution
		{5826900A-DB51-47CD-8A12-9BB9E37E43D4}.Debug|Any CPU.ActiveCfg = Debug|Any CPU
		{5826900A-DB51-47CD-8A12-9BB9E37E43D4}.Debug|Any CPU.Build.0 = Debug|Any CPU
		{5826900A-DB51-47CD-8A12-9BB9E37E43D4}.Release|Any CPU.ActiveCfg = Release|Any CPU
		{5826900A-DB51-47CD-8A12-9BB9E37E43D4}.Release|Any CPU.Build.0 = Release|Any CPU
	EndGlobalSection
	GlobalSection(SolutionProperties) = preSolution
		HideSolutionNode = FALSE
	EndGlobalSection
	GlobalSection(ExtensibilityGlobals) = postSolution
		SolutionGuid = {3B8632A3-6F71-4A9F-8D8E-A124B5A494AE}
	EndGlobalSection
EndGlobal
