
Microsoft Visual Studio Solution File, Format Version 12.00
# Visual Studio Version 17
VisualStudioVersion = 17.5.002.0
MinimumVisualStudioVersion = 10.0.40219.1
Project("{9A19103F-16F7-4668-BE54-9A1E7A4F7556}") = "EnumeratorExecise", "EnumeratorExecise.csproj", "{52F58526-2756-45E9-AA30-DCA87FA5AC47}"
EndProject
Global
	GlobalSection(SolutionConfigurationPlatforms) = preSolution
		Debug|Any CPU = Debug|Any CPU
		Release|Any CPU = Release|Any CPU
	EndGlobalSection
	GlobalSection(ProjectConfigurationPlatforms) = postSolution
		{52F58526-2756-45E9-AA30-DCA87FA5AC47}.Debug|Any CPU.ActiveCfg = Debug|Any CPU
		{52F58526-2756-45E9-AA30-DCA87FA5AC47}.Debug|Any CPU.Build.0 = Debug|Any CPU
		{52F58526-2756-45E9-AA30-DCA87FA5AC47}.Release|Any CPU.ActiveCfg = Release|Any CPU
		{52F58526-2756-45E9-AA30-DCA87FA5AC47}.Release|Any CPU.Build.0 = Release|Any CPU
	EndGlobalSection
	GlobalSection(SolutionProperties) = preSolution
		HideSolutionNode = FALSE
	EndGlobalSection
	GlobalSection(ExtensibilityGlobals) = postSolution
		SolutionGuid = {D5122901-C56C-406F-A5D5-8D3ED98376C6}
	EndGlobalSection
EndGlobal
