
Microsoft Visual Studio Solution File, Format Version 12.00
# Visual Studio Version 17
VisualStudioVersion = 17.5.002.0
MinimumVisualStudioVersion = 10.0.40219.1
Project("{9A19103F-16F7-4668-BE54-9A1E7A4F7556}") = "CalculatorLib", "CalculatorLib\CalculatorLib.csproj", "{73BA5CED-9D04-40CE-9651-61F28DC42010}"
EndProject
Project("{9A19103F-16F7-4668-BE54-9A1E7A4F7556}") = "CalculatorLibUnitTests", "CalculatorLibUnitTests\CalculatorLibUnitTests.csproj", "{01A03B5D-F0D3-4F74-BA2E-8E7517D0833C}"
EndProject
Global
	GlobalSection(SolutionConfigurationPlatforms) = preSolution
		Debug|Any CPU = Debug|Any CPU
		Release|Any CPU = Release|Any CPU
	EndGlobalSection
	GlobalSection(ProjectConfigurationPlatforms) = postSolution
		{73BA5CED-9D04-40CE-9651-61F28DC42010}.Debug|Any CPU.ActiveCfg = Debug|Any CPU
		{73BA5CED-9D04-40CE-9651-61F28DC42010}.Debug|Any CPU.Build.0 = Debug|Any CPU
		{73BA5CED-9D04-40CE-9651-61F28DC42010}.Release|Any CPU.ActiveCfg = Release|Any CPU
		{73BA5CED-9D04-40CE-9651-61F28DC42010}.Release|Any CPU.Build.0 = Release|Any CPU
		{01A03B5D-F0D3-4F74-BA2E-8E7517D0833C}.Debug|Any CPU.ActiveCfg = Debug|Any CPU
		{01A03B5D-F0D3-4F74-BA2E-8E7517D0833C}.Debug|Any CPU.Build.0 = Debug|Any CPU
		{01A03B5D-F0D3-4F74-BA2E-8E7517D0833C}.Release|Any CPU.ActiveCfg = Release|Any CPU
		{01A03B5D-F0D3-4F74-BA2E-8E7517D0833C}.Release|Any CPU.Build.0 = Release|Any CPU
	EndGlobalSection
	GlobalSection(SolutionProperties) = preSolution
		HideSolutionNode = FALSE
	EndGlobalSection
	GlobalSection(ExtensibilityGlobals) = postSolution
		SolutionGuid = {992FE2D4-8B5C-4B1E-845C-251FD96320CB}
	EndGlobalSection
EndGlobal
