
Microsoft Visual Studio Solution File, Format Version 12.00
# Visual Studio Version 17
VisualStudioVersion = 17.5.002.0
MinimumVisualStudioVersion = 10.0.40219.1
Project("{9A19103F-16F7-4668-BE54-9A1E7A4F7556}") = "IPv4Validator", "IPv4Validator.csproj", "{C64E3B49-5D6F-4BB5-A158-D31D86B0ECA9}"
EndProject
Global
	GlobalSection(SolutionConfigurationPlatforms) = preSolution
		Debug|Any CPU = Debug|Any CPU
		Release|Any CPU = Release|Any CPU
	EndGlobalSection
	GlobalSection(ProjectConfigurationPlatforms) = postSolution
		{C64E3B49-5D6F-4BB5-A158-D31D86B0ECA9}.Debug|Any CPU.ActiveCfg = Debug|Any CPU
		{C64E3B49-5D6F-4BB5-A158-D31D86B0ECA9}.Debug|Any CPU.Build.0 = Debug|Any CPU
		{C64E3B49-5D6F-4BB5-A158-D31D86B0ECA9}.Release|Any CPU.ActiveCfg = Release|Any CPU
		{C64E3B49-5D6F-4BB5-A158-D31D86B0ECA9}.Release|Any CPU.Build.0 = Release|Any CPU
	EndGlobalSection
	GlobalSection(SolutionProperties) = preSolution
		HideSolutionNode = FALSE
	EndGlobalSection
	GlobalSection(ExtensibilityGlobals) = postSolution
		SolutionGuid = {D42B3781-9AB8-44F7-99E6-9A42E7E59C07}
	EndGlobalSection
EndGlobal
