
Microsoft Visual Studio Solution File, Format Version 12.00
# Visual Studio Version 17
VisualStudioVersion = 17.5.002.0
MinimumVisualStudioVersion = 10.0.40219.1
Project("{9A19103F-16F7-4668-BE54-9A1E7A4F7556}") = "PacktLibrary", "PacktLibrary\PacktLibrary.csproj", "{CB61F856-D193-4132-8400-0306F7378DDE}"
EndProject
Project("{FAE04EC0-301F-11D3-BF4B-00C04F79EFBC}") = "PeopleApp", "PeopleApp\PeopleApp.csproj", "{DDEB8423-B9D6-41DE-9C59-FA200238840A}"
EndProject
Global
	GlobalSection(SolutionConfigurationPlatforms) = preSolution
		Debug|Any CPU = Debug|Any CPU
		Release|Any CPU = Release|Any CPU
	EndGlobalSection
	GlobalSection(ProjectConfigurationPlatforms) = postSolution
		{CB61F856-D193-4132-8400-0306F7378DDE}.Debug|Any CPU.ActiveCfg = Debug|Any CPU
		{CB61F856-D193-4132-8400-0306F7378DDE}.Debug|Any CPU.Build.0 = Debug|Any CPU
		{CB61F856-D193-4132-8400-0306F7378DDE}.Release|Any CPU.ActiveCfg = Release|Any CPU
		{CB61F856-D193-4132-8400-0306F7378DDE}.Release|Any CPU.Build.0 = Release|Any CPU
		{DDEB8423-B9D6-41DE-9C59-FA200238840A}.Debug|Any CPU.ActiveCfg = Debug|Any CPU
		{DDEB8423-B9D6-41DE-9C59-FA200238840A}.Debug|Any CPU.Build.0 = Debug|Any CPU
		{DDEB8423-B9D6-41DE-9C59-FA200238840A}.Release|Any CPU.ActiveCfg = Release|Any CPU
		{DDEB8423-B9D6-41DE-9C59-FA200238840A}.Release|Any CPU.Build.0 = Release|Any CPU
	EndGlobalSection
	GlobalSection(SolutionProperties) = preSolution
		HideSolutionNode = FALSE
	EndGlobalSection
	GlobalSection(ExtensibilityGlobals) = postSolution
		SolutionGuid = {0E63A501-C931-46EC-B141-122780ABC763}
	EndGlobalSection
EndGlobal
