
Microsoft Visual Studio Solution File, Format Version 12.00
# Visual Studio Version 17
VisualStudioVersion = 17.5.002.0
MinimumVisualStudioVersion = 10.0.40219.1
Project("{9A19103F-16F7-4668-BE54-9A1E7A4F7556}") = "OOPPerson", "OOPPerson.csproj", "{9DE3A5E7-81DD-4598-92EA-F2463D4A6E41}"
EndProject
Global
	GlobalSection(SolutionConfigurationPlatforms) = preSolution
		Debug|Any CPU = Debug|Any CPU
		Release|Any CPU = Release|Any CPU
	EndGlobalSection
	GlobalSection(ProjectConfigurationPlatforms) = postSolution
		{9DE3A5E7-81DD-4598-92EA-F2463D4A6E41}.Debug|Any CPU.ActiveCfg = Debug|Any CPU
		{9DE3A5E7-81DD-4598-92EA-F2463D4A6E41}.Debug|Any CPU.Build.0 = Debug|Any CPU
		{9DE3A5E7-81DD-4598-92EA-F2463D4A6E41}.Release|Any CPU.ActiveCfg = Release|Any CPU
		{9DE3A5E7-81DD-4598-92EA-F2463D4A6E41}.Release|Any CPU.Build.0 = Release|Any CPU
	EndGlobalSection
	GlobalSection(SolutionProperties) = preSolution
		HideSolutionNode = FALSE
	EndGlobalSection
	GlobalSection(ExtensibilityGlobals) = postSolution
		SolutionGuid = {0015C381-CE52-49DA-AE29-E74499C0D063}
	EndGlobalSection
EndGlobal
