
Microsoft Visual Studio Solution File, Format Version 12.00
# Visual Studio Version 17
VisualStudioVersion = 17.5.002.0
MinimumVisualStudioVersion = 10.0.40219.1
Project("{9A19103F-16F7-4668-BE54-9A1E7A4F7556}") = "Learn", "Learn\Learn.csproj", "{624DD39B-937E-4296-8458-DA9E09A735A4}"
EndProject
Project("{9A19103F-16F7-4668-BE54-9A1E7A4F7556}") = "WritingDebuggingAndTesting", "WritingDebuggingAndTesting\WritingDebuggingAndTesting.csproj", "{030CBAB6-50D3-4F45-A7CE-B281C60D404E}"
EndProject
Project("{2150E333-8FDC-42A3-9474-1A3956D46DE8}") = "Lib", "Lib", "{5AAF6281-3970-4C11-84B7-37B90A669B71}"
EndProject
Project("{FAE04EC0-301F-11D3-BF4B-00C04F79EFBC}") = "CalculatorLib", "Lib\CalculatorLib\CalculatorLib.csproj", "{3C09968E-0F28-4372-975F-87C26A9F9E51}"
EndProject
Project("{2150E333-8FDC-42A3-9474-1A3956D46DE8}") = "UnitTests", "UnitTests", "{83CD0C81-B23C-410F-B65C-95853EA6A72E}"
EndProject
Project("{FAE04EC0-301F-11D3-BF4B-00C04F79EFBC}") = "CalculatorLibUnitTests", "Lib\UnitTests\CalculatorLibUnitTests\CalculatorLibUnitTests.csproj", "{A1C4E840-AD8B-446A-9C14-ED8C5F23EC78}"
EndProject
Project("{FAE04EC0-301F-11D3-BF4B-00C04F79EFBC}") = "PacktLib", "Lib\PacktLib\PacktLib.csproj", "{5FAC13C5-E8E5-4068-B798-C5BD45E6B59E}"
EndProject
Project("{FAE04EC0-301F-11D3-BF4B-00C04F79EFBC}") = "Classes", "Classes\Classes.csproj", "{0FDF663D-4295-478E-9294-AE79D9924084}"
EndProject
Project("{FAE04EC0-301F-11D3-BF4B-00C04F79EFBC}") = "PeopleAppPacktLibrary", "Lib\PeopleAppPacktLibrary\PeopleAppPacktLibrary.csproj", "{CA04CC42-758A-4911-8B68-3D150296FC63}"
EndProject
Project("{FAE04EC0-301F-11D3-BF4B-00C04F79EFBC}") = "PeopleApp", "PeopleApp\PeopleApp.csproj", "{C269AAB5-484D-412D-9D29-25CBA68BA8F2}"
EndProject
Global
	GlobalSection(SolutionConfigurationPlatforms) = preSolution
		Debug|Any CPU = Debug|Any CPU
		Release|Any CPU = Release|Any CPU
	EndGlobalSection
	GlobalSection(ProjectConfigurationPlatforms) = postSolution
		{624DD39B-937E-4296-8458-DA9E09A735A4}.Debug|Any CPU.ActiveCfg = Debug|Any CPU
		{624DD39B-937E-4296-8458-DA9E09A735A4}.Debug|Any CPU.Build.0 = Debug|Any CPU
		{624DD39B-937E-4296-8458-DA9E09A735A4}.Release|Any CPU.ActiveCfg = Release|Any CPU
		{624DD39B-937E-4296-8458-DA9E09A735A4}.Release|Any CPU.Build.0 = Release|Any CPU
		{030CBAB6-50D3-4F45-A7CE-B281C60D404E}.Debug|Any CPU.ActiveCfg = Debug|Any CPU
		{030CBAB6-50D3-4F45-A7CE-B281C60D404E}.Debug|Any CPU.Build.0 = Debug|Any CPU
		{030CBAB6-50D3-4F45-A7CE-B281C60D404E}.Release|Any CPU.ActiveCfg = Release|Any CPU
		{030CBAB6-50D3-4F45-A7CE-B281C60D404E}.Release|Any CPU.Build.0 = Release|Any CPU
		{3C09968E-0F28-4372-975F-87C26A9F9E51}.Debug|Any CPU.ActiveCfg = Debug|Any CPU
		{3C09968E-0F28-4372-975F-87C26A9F9E51}.Debug|Any CPU.Build.0 = Debug|Any CPU
		{3C09968E-0F28-4372-975F-87C26A9F9E51}.Release|Any CPU.ActiveCfg = Release|Any CPU
		{3C09968E-0F28-4372-975F-87C26A9F9E51}.Release|Any CPU.Build.0 = Release|Any CPU
		{A1C4E840-AD8B-446A-9C14-ED8C5F23EC78}.Debug|Any CPU.ActiveCfg = Debug|Any CPU
		{A1C4E840-AD8B-446A-9C14-ED8C5F23EC78}.Debug|Any CPU.Build.0 = Debug|Any CPU
		{A1C4E840-AD8B-446A-9C14-ED8C5F23EC78}.Release|Any CPU.ActiveCfg = Release|Any CPU
		{A1C4E840-AD8B-446A-9C14-ED8C5F23EC78}.Release|Any CPU.Build.0 = Release|Any CPU
		{5FAC13C5-E8E5-4068-B798-C5BD45E6B59E}.Debug|Any CPU.ActiveCfg = Debug|Any CPU
		{5FAC13C5-E8E5-4068-B798-C5BD45E6B59E}.Debug|Any CPU.Build.0 = Debug|Any CPU
		{5FAC13C5-E8E5-4068-B798-C5BD45E6B59E}.Release|Any CPU.ActiveCfg = Release|Any CPU
		{5FAC13C5-E8E5-4068-B798-C5BD45E6B59E}.Release|Any CPU.Build.0 = Release|Any CPU
		{0FDF663D-4295-478E-9294-AE79D9924084}.Debug|Any CPU.ActiveCfg = Debug|Any CPU
		{0FDF663D-4295-478E-9294-AE79D9924084}.Debug|Any CPU.Build.0 = Debug|Any CPU
		{0FDF663D-4295-478E-9294-AE79D9924084}.Release|Any CPU.ActiveCfg = Release|Any CPU
		{0FDF663D-4295-478E-9294-AE79D9924084}.Release|Any CPU.Build.0 = Release|Any CPU
		{CA04CC42-758A-4911-8B68-3D150296FC63}.Debug|Any CPU.ActiveCfg = Debug|Any CPU
		{CA04CC42-758A-4911-8B68-3D150296FC63}.Debug|Any CPU.Build.0 = Debug|Any CPU
		{CA04CC42-758A-4911-8B68-3D150296FC63}.Release|Any CPU.ActiveCfg = Release|Any CPU
		{CA04CC42-758A-4911-8B68-3D150296FC63}.Release|Any CPU.Build.0 = Release|Any CPU
		{C269AAB5-484D-412D-9D29-25CBA68BA8F2}.Debug|Any CPU.ActiveCfg = Debug|Any CPU
		{C269AAB5-484D-412D-9D29-25CBA68BA8F2}.Debug|Any CPU.Build.0 = Debug|Any CPU
		{C269AAB5-484D-412D-9D29-25CBA68BA8F2}.Release|Any CPU.ActiveCfg = Release|Any CPU
		{C269AAB5-484D-412D-9D29-25CBA68BA8F2}.Release|Any CPU.Build.0 = Release|Any CPU
	EndGlobalSection
	GlobalSection(SolutionProperties) = preSolution
		HideSolutionNode = FALSE
	EndGlobalSection
	GlobalSection(NestedProjects) = preSolution
		{3C09968E-0F28-4372-975F-87C26A9F9E51} = {5AAF6281-3970-4C11-84B7-37B90A669B71}
		{83CD0C81-B23C-410F-B65C-95853EA6A72E} = {5AAF6281-3970-4C11-84B7-37B90A669B71}
		{A1C4E840-AD8B-446A-9C14-ED8C5F23EC78} = {83CD0C81-B23C-410F-B65C-95853EA6A72E}
		{5FAC13C5-E8E5-4068-B798-C5BD45E6B59E} = {5AAF6281-3970-4C11-84B7-37B90A669B71}
		{CA04CC42-758A-4911-8B68-3D150296FC63} = {5AAF6281-3970-4C11-84B7-37B90A669B71}
	EndGlobalSection
	GlobalSection(ExtensibilityGlobals) = postSolution
		SolutionGuid = {09DA2197-80A8-4A39-AC32-18FDB28EC6F3}
	EndGlobalSection
EndGlobal
