
Microsoft Visual Studio Solution File, Format Version 12.00
# Visual Studio Version 17
VisualStudioVersion = 17.5.002.0
MinimumVisualStudioVersion = 10.0.40219.1
Project("{9A19103F-16F7-4668-BE54-9A1E7A4F7556}") = "SizeOfPrimitives", "SizeOfPrimitives.csproj", "{F2C73757-75C5-4CA5-A784-9F69FEB692D1}"
EndProject
Global
	GlobalSection(SolutionConfigurationPlatforms) = preSolution
		Debug|Any CPU = Debug|Any CPU
		Release|Any CPU = Release|Any CPU
	EndGlobalSection
	GlobalSection(ProjectConfigurationPlatforms) = postSolution
		{F2C73757-75C5-4CA5-A784-9F69FEB692D1}.Debug|Any CPU.ActiveCfg = Debug|Any CPU
		{F2C73757-75C5-4CA5-A784-9F69FEB692D1}.Debug|Any CPU.Build.0 = Debug|Any CPU
		{F2C73757-75C5-4CA5-A784-9F69FEB692D1}.Release|Any CPU.ActiveCfg = Release|Any CPU
		{F2C73757-75C5-4CA5-A784-9F69FEB692D1}.Release|Any CPU.Build.0 = Release|Any CPU
	EndGlobalSection
	GlobalSection(SolutionProperties) = preSolution
		HideSolutionNode = FALSE
	EndGlobalSection
	GlobalSection(ExtensibilityGlobals) = postSolution
		SolutionGuid = {91BE626F-3805-40D6-AC93-FE8AD5E16B61}
	EndGlobalSection
EndGlobal
