
Microsoft Visual Studio Solution File, Format Version 12.00
# Visual Studio Version 17
VisualStudioVersion = 17.14.36109.1
MinimumVisualStudioVersion = 10.0.40219.1
Project("{FAE04EC0-301F-11D3-BF4B-00C04F79EFBC}") = "S1L7_HelloWorld", "S1L7_HelloWorld\S1L7_HelloWorld.csproj", "{BEA36DED-DF23-4C01-B5A9-81C83BAA8496}"
EndProject
Project("{FAE04EC0-301F-11D3-BF4B-00C04F79EFBC}") = "S3L76_LandingRocketSimulation", "S3L76_LandingRocketSimulation\S3L76_LandingRocketSimulation.csproj", "{29136B9A-953D-442B-9B3B-6E02EC3754AA}"
EndProject
Project("{FAE04EC0-301F-11D3-BF4B-00C04F79EFBC}") = "S12L241_Regex_email", "S12L241_Regex_email\S12L241_Regex_email.csproj", "{8049CDFB-D505-44BE-B870-5A060D99294C}"
EndProject
Project("{FAE04EC0-301F-11D3-BF4B-00C04F79EFBC}") = "S13L242_WPFLearningApp", "WPFLearningApp\S13L242_WPFLearningApp.csproj", "{43E0FDCA-F463-40D2-A83B-CDDBD3532ACC}"
EndProject
Project("{FAE04EC0-301F-11D3-BF4B-00C04F79EFBC}") = "S13L251_Recreate_Thsi_GUI", "S13L251_Recreate_Thsi_GUI\S13L251_Recreate_Thsi_GUI.csproj", "{07A8314F-6681-40FF-A579-B5CEB4A28031}"
EndProject
Project("{FAE04EC0-301F-11D3-BF4B-00C04F79EFBC}") = "s13L257_TodoApp", "s13L257_TodoApp\s13L257_TodoApp.csproj", "{A503C2FB-7C06-4EBB-954C-B997CA012826}"
EndProject
Project("{FAE04EC0-301F-11D3-BF4B-00C04F79EFBC}") = "S13L263_WPFDemo", "S13L263_WPFDemo\S13L263_WPFDemo.csproj", "{C5BB1D0D-06DF-4F23-AA61-04F8588E55C8}"
EndProject
Project("{FAE04EC0-301F-11D3-BF4B-00C04F79EFBC}") = "S13L267_WFPDataBinding", "S13L267_WFPDataBinding\S13L267_WFPDataBinding.csproj", "{2F66C53C-23A6-4F53-B53A-FC07ECF2A64C}"
EndProject
Project("{FAE04EC0-301F-11D3-BF4B-00C04F79EFBC}") = "S13L273_ListBox", "S13L273_ListBox\S13L273_ListBox.csproj", "{2D1A3963-280A-4B55-A07B-0626BE86E4BE}"
EndProject
Global
	GlobalSection(SolutionConfigurationPlatforms) = preSolution
		Debug|Any CPU = Debug|Any CPU
		Release|Any CPU = Release|Any CPU
	EndGlobalSection
	GlobalSection(ProjectConfigurationPlatforms) = postSolution
		{BEA36DED-DF23-4C01-B5A9-81C83BAA8496}.Debug|Any CPU.ActiveCfg = Debug|Any CPU
		{BEA36DED-DF23-4C01-B5A9-81C83BAA8496}.Debug|Any CPU.Build.0 = Debug|Any CPU
		{BEA36DED-DF23-4C01-B5A9-81C83BAA8496}.Release|Any CPU.ActiveCfg = Release|Any CPU
		{BEA36DED-DF23-4C01-B5A9-81C83BAA8496}.Release|Any CPU.Build.0 = Release|Any CPU
		{29136B9A-953D-442B-9B3B-6E02EC3754AA}.Debug|Any CPU.ActiveCfg = Debug|Any CPU
		{29136B9A-953D-442B-9B3B-6E02EC3754AA}.Debug|Any CPU.Build.0 = Debug|Any CPU
		{29136B9A-953D-442B-9B3B-6E02EC3754AA}.Release|Any CPU.ActiveCfg = Release|Any CPU
		{29136B9A-953D-442B-9B3B-6E02EC3754AA}.Release|Any CPU.Build.0 = Release|Any CPU
		{8049CDFB-D505-44BE-B870-5A060D99294C}.Debug|Any CPU.ActiveCfg = Debug|Any CPU
		{8049CDFB-D505-44BE-B870-5A060D99294C}.Debug|Any CPU.Build.0 = Debug|Any CPU
		{8049CDFB-D505-44BE-B870-5A060D99294C}.Release|Any CPU.ActiveCfg = Release|Any CPU
		{8049CDFB-D505-44BE-B870-5A060D99294C}.Release|Any CPU.Build.0 = Release|Any CPU
		{43E0FDCA-F463-40D2-A83B-CDDBD3532ACC}.Debug|Any CPU.ActiveCfg = Debug|Any CPU
		{43E0FDCA-F463-40D2-A83B-CDDBD3532ACC}.Debug|Any CPU.Build.0 = Debug|Any CPU
		{43E0FDCA-F463-40D2-A83B-CDDBD3532ACC}.Release|Any CPU.ActiveCfg = Release|Any CPU
		{43E0FDCA-F463-40D2-A83B-CDDBD3532ACC}.Release|Any CPU.Build.0 = Release|Any CPU
		{07A8314F-6681-40FF-A579-B5CEB4A28031}.Debug|Any CPU.ActiveCfg = Debug|Any CPU
		{07A8314F-6681-40FF-A579-B5CEB4A28031}.Debug|Any CPU.Build.0 = Debug|Any CPU
		{07A8314F-6681-40FF-A579-B5CEB4A28031}.Release|Any CPU.ActiveCfg = Release|Any CPU
		{07A8314F-6681-40FF-A579-B5CEB4A28031}.Release|Any CPU.Build.0 = Release|Any CPU
		{A503C2FB-7C06-4EBB-954C-B997CA012826}.Debug|Any CPU.ActiveCfg = Debug|Any CPU
		{A503C2FB-7C06-4EBB-954C-B997CA012826}.Debug|Any CPU.Build.0 = Debug|Any CPU
		{A503C2FB-7C06-4EBB-954C-B997CA012826}.Release|Any CPU.ActiveCfg = Release|Any CPU
		{A503C2FB-7C06-4EBB-954C-B997CA012826}.Release|Any CPU.Build.0 = Release|Any CPU
		{C5BB1D0D-06DF-4F23-AA61-04F8588E55C8}.Debug|Any CPU.ActiveCfg = Debug|Any CPU
		{C5BB1D0D-06DF-4F23-AA61-04F8588E55C8}.Debug|Any CPU.Build.0 = Debug|Any CPU
		{C5BB1D0D-06DF-4F23-AA61-04F8588E55C8}.Release|Any CPU.ActiveCfg = Release|Any CPU
		{C5BB1D0D-06DF-4F23-AA61-04F8588E55C8}.Release|Any CPU.Build.0 = Release|Any CPU
		{2F66C53C-23A6-4F53-B53A-FC07ECF2A64C}.Debug|Any CPU.ActiveCfg = Debug|Any CPU
		{2F66C53C-23A6-4F53-B53A-FC07ECF2A64C}.Debug|Any CPU.Build.0 = Debug|Any CPU
		{2F66C53C-23A6-4F53-B53A-FC07ECF2A64C}.Release|Any CPU.ActiveCfg = Release|Any CPU
		{2F66C53C-23A6-4F53-B53A-FC07ECF2A64C}.Release|Any CPU.Build.0 = Release|Any CPU
		{2D1A3963-280A-4B55-A07B-0626BE86E4BE}.Debug|Any CPU.ActiveCfg = Debug|Any CPU
		{2D1A3963-280A-4B55-A07B-0626BE86E4BE}.Debug|Any CPU.Build.0 = Debug|Any CPU
		{2D1A3963-280A-4B55-A07B-0626BE86E4BE}.Release|Any CPU.ActiveCfg = Release|Any CPU
		{2D1A3963-280A-4B55-A07B-0626BE86E4BE}.Release|Any CPU.Build.0 = Release|Any CPU
	EndGlobalSection
	GlobalSection(SolutionProperties) = preSolution
		HideSolutionNode = FALSE
	EndGlobalSection
	GlobalSection(ExtensibilityGlobals) = postSolution
		SolutionGuid = {34AD91FD-94A0-487A-B18D-991B03763B05}
	EndGlobalSection
EndGlobal
