
Microsoft Visual Studio Solution File, Format Version 12.00
# Visual Studio Version 17
VisualStudioVersion = 17.5.002.0
MinimumVisualStudioVersion = 10.0.40219.1
Project("{9A19103F-16F7-4668-BE54-9A1E7A4F7556}") = "CircleMaths", "CircleMaths.csproj", "{D16BF01F-9D47-41B9-B100-3DC8697E93B7}"
EndProject
Global
	GlobalSection(SolutionConfigurationPlatforms) = preSolution
		Debug|Any CPU = Debug|Any CPU
		Release|Any CPU = Release|Any CPU
	EndGlobalSection
	GlobalSection(ProjectConfigurationPlatforms) = postSolution
		{D16BF01F-9D47-41B9-B100-3DC8697E93B7}.Debug|Any CPU.ActiveCfg = Debug|Any CPU
		{D16BF01F-9D47-41B9-B100-3DC8697E93B7}.Debug|Any CPU.Build.0 = Debug|Any CPU
		{D16BF01F-9D47-41B9-B100-3DC8697E93B7}.Release|Any CPU.ActiveCfg = Release|Any CPU
		{D16BF01F-9D47-41B9-B100-3DC8697E93B7}.Release|Any CPU.Build.0 = Release|Any CPU
	EndGlobalSection
	GlobalSection(SolutionProperties) = preSolution
		HideSolutionNode = FALSE
	EndGlobalSection
	GlobalSection(ExtensibilityGlobals) = postSolution
		SolutionGuid = {2A445367-8863-4BEB-B49D-85757E67DA06}
	EndGlobalSection
EndGlobal
