
Microsoft Visual Studio Solution File, Format Version 12.00
# Visual Studio Version 17
VisualStudioVersion = 17.5.002.0
MinimumVisualStudioVersion = 10.0.40219.1
Project("{2150E333-8FDC-42A3-9474-1A3956D46DE8}") = "Basics", "Basics", "{D6118CA8-C183-44B4-A9F3-E876795A22D7}"
EndProject
Project("{2150E333-8FDC-42A3-9474-1A3956D46DE8}") = "Section 5", "Section 5", "{BA56EE28-B287-40ED-89ED-DF57AFE9DBD7}"
EndProject
Project("{2150E333-8FDC-42A3-9474-1A3956D46DE8}") = "Lesson 43", "Lesson 43", "{98DBBC2F-B0E5-4FB9-83B7-67D0D7CD5E3F}"
EndProject
Project("{9A19103F-16F7-4668-BE54-9A1E7A4F7556}") = "NumberBetween1And10", "Basics\Section 5\Lesson 43\NumberBetween1And10\NumberBetween1And10.csproj", "{6070A968-5D07-443B-9F04-BFB09E1FA42C}"
EndProject
Project("{FAE04EC0-301F-11D3-BF4B-00C04F79EFBC}") = "MaxOfTwoNumbers", "Basics\Section 5\Lesson 43\MaxOfTwoNumbers\MaxOfTwoNumbers.csproj", "{1FBD2736-CA87-432D-9D20-543E5641D2AB}"
EndProject
Project("{FAE04EC0-301F-11D3-BF4B-00C04F79EFBC}") = "ImageOrientation", "Basics\Section 5\Lesson 43\ImageOrientation\ImageOrientation.csproj", "{3E523750-B247-4F05-89DB-95E4E983B91D}"
EndProject
Project("{FAE04EC0-301F-11D3-BF4B-00C04F79EFBC}") = "SpeedCamera", "Basics\Section 5\Lesson 43\SpeedCamera\SpeedCamera.csproj", "{2F00D057-7EEC-4469-AAB3-5656A730199F}"
EndProject
Project("{2150E333-8FDC-42A3-9474-1A3956D46DE8}") = "Lesson 49", "Lesson 49", "{DF234D65-956A-4D24-9AFE-CEA9A8D02B0E}"
EndProject
Project("{FAE04EC0-301F-11D3-BF4B-00C04F79EFBC}") = "Loops", "Basics\Section 5\Lesson 49\Loops\Loops.csproj", "{89879489-EC85-46DA-886E-2FE024E5D1E3}"
EndProject
Project("{2150E333-8FDC-42A3-9474-1A3956D46DE8}") = "Lesson 56", "Lesson 56", "{091AB34B-A778-456B-9DF9-63FD2A933D71}"
EndProject
Project("{FAE04EC0-301F-11D3-BF4B-00C04F79EFBC}") = "ListAndArrays", "Basics\Section 5\Lesson 56\ListAndArrays\ListAndArrays.csproj", "{4025DDEB-3338-4272-9FD9-ECA0320F0536}"
EndProject
Project("{2150E333-8FDC-42A3-9474-1A3956D46DE8}") = "Lesson 68", "Lesson 68", "{4CE8B88B-2E57-4972-9D20-2CABB8BE0D0B}"
EndProject
Project("{FAE04EC0-301F-11D3-BF4B-00C04F79EFBC}") = "WorkingWithString", "Basics\Section 5\Lesson 68\WorkingWithString\WorkingWithString.csproj", "{B71BD70C-1113-4B9B-8B34-25E17D4F0DCC}"
EndProject
Project("{2150E333-8FDC-42A3-9474-1A3956D46DE8}") = "Lesson 76", "Lesson 76", "{91127747-8D62-4BD8-86D0-DDAD50892ED1}"
EndProject
Project("{FAE04EC0-301F-11D3-BF4B-00C04F79EFBC}") = "WorkingWithFiles", "Basics\Section 5\Lesson 76\WorkingWithFiles\WorkingWithFiles.csproj", "{0A459F1A-33DD-49B7-A04B-FA428F2A6F92}"
EndProject
Project("{2150E333-8FDC-42A3-9474-1A3956D46DE8}") = "Intermediate", "Intermediate", "{BA3CD6B8-E665-4F6B-9B78-C2FB255B30FB}"
EndProject
Project("{2150E333-8FDC-42A3-9474-1A3956D46DE8}") = "Section 2", "Section 2", "{C8D302CE-DE37-4601-92A2-E62AEEDF99BF}"
EndProject
Project("{2150E333-8FDC-42A3-9474-1A3956D46DE8}") = "Lesson 16", "Lesson 16", "{DE1C0A58-A7E2-4D11-8F81-A955B75AB339}"
EndProject
Project("{FAE04EC0-301F-11D3-BF4B-00C04F79EFBC}") = "StopWatch", "Intermediate\Section 2\Lesson 16\StopWatch\StopWatch.csproj", "{42E08E04-B92B-40CA-93DB-2DD647758258}"
EndProject
Project("{FAE04EC0-301F-11D3-BF4B-00C04F79EFBC}") = "StackOverflowPost", "Intermediate\Section 2\Lesson 16\StackOverflowPost\StackOverflowPost.csproj", "{53150857-70A1-450E-8E17-C2F930A4473E}"
EndProject
Project("{2150E333-8FDC-42A3-9474-1A3956D46DE8}") = "Section 4", "Section 4", "{13338DDE-E8FF-43D0-9A75-973F5EDFBC5F}"
EndProject
Project("{2150E333-8FDC-42A3-9474-1A3956D46DE8}") = "Lesson 27", "Lesson 27", "{F685EF5F-27E8-48E0-9A20-E76605DC89BB}"
EndProject
Project("{FAE04EC0-301F-11D3-BF4B-00C04F79EFBC}") = "StackDesign", "Intermediate\Section 4\Lesson 27\StackDesign\StackDesign.csproj", "{AA8291AC-F4CF-4F67-8436-0BC0E1B9EC02}"
EndProject
Project("{2150E333-8FDC-42A3-9474-1A3956D46DE8}") = "Section 5", "Section 5", "{06C6E6B5-770A-4743-8B5A-3C16C73BA0A5}"
EndProject
Project("{2150E333-8FDC-42A3-9474-1A3956D46DE8}") = "Lesson 32", "Lesson 32", "{735BEC8B-55C2-4209-B70B-8F6580109532}"
EndProject
Project("{FAE04EC0-301F-11D3-BF4B-00C04F79EFBC}") = "DatabaseClient", "Intermediate\Section 5\Lesson 32\DatabaseConnection\DatabaseClient.csproj", "{ADFDA6A8-7F5F-45AB-8087-86B8475E7F6F}"
EndProject
Global
	GlobalSection(SolutionConfigurationPlatforms) = preSolution
		Debug|Any CPU = Debug|Any CPU
		Release|Any CPU = Release|Any CPU
	EndGlobalSection
	GlobalSection(ProjectConfigurationPlatforms) = postSolution
		{6070A968-5D07-443B-9F04-BFB09E1FA42C}.Debug|Any CPU.ActiveCfg = Debug|Any CPU
		{6070A968-5D07-443B-9F04-BFB09E1FA42C}.Debug|Any CPU.Build.0 = Debug|Any CPU
		{6070A968-5D07-443B-9F04-BFB09E1FA42C}.Release|Any CPU.ActiveCfg = Release|Any CPU
		{6070A968-5D07-443B-9F04-BFB09E1FA42C}.Release|Any CPU.Build.0 = Release|Any CPU
		{1FBD2736-CA87-432D-9D20-543E5641D2AB}.Debug|Any CPU.ActiveCfg = Debug|Any CPU
		{1FBD2736-CA87-432D-9D20-543E5641D2AB}.Debug|Any CPU.Build.0 = Debug|Any CPU
		{1FBD2736-CA87-432D-9D20-543E5641D2AB}.Release|Any CPU.ActiveCfg = Release|Any CPU
		{1FBD2736-CA87-432D-9D20-543E5641D2AB}.Release|Any CPU.Build.0 = Release|Any CPU
		{3E523750-B247-4F05-89DB-95E4E983B91D}.Debug|Any CPU.ActiveCfg = Debug|Any CPU
		{3E523750-B247-4F05-89DB-95E4E983B91D}.Debug|Any CPU.Build.0 = Debug|Any CPU
		{3E523750-B247-4F05-89DB-95E4E983B91D}.Release|Any CPU.ActiveCfg = Release|Any CPU
		{3E523750-B247-4F05-89DB-95E4E983B91D}.Release|Any CPU.Build.0 = Release|Any CPU
		{2F00D057-7EEC-4469-AAB3-5656A730199F}.Debug|Any CPU.ActiveCfg = Debug|Any CPU
		{2F00D057-7EEC-4469-AAB3-5656A730199F}.Debug|Any CPU.Build.0 = Debug|Any CPU
		{2F00D057-7EEC-4469-AAB3-5656A730199F}.Release|Any CPU.ActiveCfg = Release|Any CPU
		{2F00D057-7EEC-4469-AAB3-5656A730199F}.Release|Any CPU.Build.0 = Release|Any CPU
		{89879489-EC85-46DA-886E-2FE024E5D1E3}.Debug|Any CPU.ActiveCfg = Debug|Any CPU
		{89879489-EC85-46DA-886E-2FE024E5D1E3}.Debug|Any CPU.Build.0 = Debug|Any CPU
		{89879489-EC85-46DA-886E-2FE024E5D1E3}.Release|Any CPU.ActiveCfg = Release|Any CPU
		{89879489-EC85-46DA-886E-2FE024E5D1E3}.Release|Any CPU.Build.0 = Release|Any CPU
		{4025DDEB-3338-4272-9FD9-ECA0320F0536}.Debug|Any CPU.ActiveCfg = Debug|Any CPU
		{4025DDEB-3338-4272-9FD9-ECA0320F0536}.Debug|Any CPU.Build.0 = Debug|Any CPU
		{4025DDEB-3338-4272-9FD9-ECA0320F0536}.Release|Any CPU.ActiveCfg = Release|Any CPU
		{4025DDEB-3338-4272-9FD9-ECA0320F0536}.Release|Any CPU.Build.0 = Release|Any CPU
		{B71BD70C-1113-4B9B-8B34-25E17D4F0DCC}.Debug|Any CPU.ActiveCfg = Debug|Any CPU
		{B71BD70C-1113-4B9B-8B34-25E17D4F0DCC}.Debug|Any CPU.Build.0 = Debug|Any CPU
		{B71BD70C-1113-4B9B-8B34-25E17D4F0DCC}.Release|Any CPU.ActiveCfg = Release|Any CPU
		{B71BD70C-1113-4B9B-8B34-25E17D4F0DCC}.Release|Any CPU.Build.0 = Release|Any CPU
		{0A459F1A-33DD-49B7-A04B-FA428F2A6F92}.Debug|Any CPU.ActiveCfg = Debug|Any CPU
		{0A459F1A-33DD-49B7-A04B-FA428F2A6F92}.Debug|Any CPU.Build.0 = Debug|Any CPU
		{0A459F1A-33DD-49B7-A04B-FA428F2A6F92}.Release|Any CPU.ActiveCfg = Release|Any CPU
		{0A459F1A-33DD-49B7-A04B-FA428F2A6F92}.Release|Any CPU.Build.0 = Release|Any CPU
		{42E08E04-B92B-40CA-93DB-2DD647758258}.Debug|Any CPU.ActiveCfg = Debug|Any CPU
		{42E08E04-B92B-40CA-93DB-2DD647758258}.Debug|Any CPU.Build.0 = Debug|Any CPU
		{42E08E04-B92B-40CA-93DB-2DD647758258}.Release|Any CPU.ActiveCfg = Release|Any CPU
		{42E08E04-B92B-40CA-93DB-2DD647758258}.Release|Any CPU.Build.0 = Release|Any CPU
		{53150857-70A1-450E-8E17-C2F930A4473E}.Debug|Any CPU.ActiveCfg = Debug|Any CPU
		{53150857-70A1-450E-8E17-C2F930A4473E}.Debug|Any CPU.Build.0 = Debug|Any CPU
		{53150857-70A1-450E-8E17-C2F930A4473E}.Release|Any CPU.ActiveCfg = Release|Any CPU
		{53150857-70A1-450E-8E17-C2F930A4473E}.Release|Any CPU.Build.0 = Release|Any CPU
		{AA8291AC-F4CF-4F67-8436-0BC0E1B9EC02}.Debug|Any CPU.ActiveCfg = Debug|Any CPU
		{AA8291AC-F4CF-4F67-8436-0BC0E1B9EC02}.Debug|Any CPU.Build.0 = Debug|Any CPU
		{AA8291AC-F4CF-4F67-8436-0BC0E1B9EC02}.Release|Any CPU.ActiveCfg = Release|Any CPU
		{AA8291AC-F4CF-4F67-8436-0BC0E1B9EC02}.Release|Any CPU.Build.0 = Release|Any CPU
		{ADFDA6A8-7F5F-45AB-8087-86B8475E7F6F}.Debug|Any CPU.ActiveCfg = Debug|Any CPU
		{ADFDA6A8-7F5F-45AB-8087-86B8475E7F6F}.Debug|Any CPU.Build.0 = Debug|Any CPU
		{ADFDA6A8-7F5F-45AB-8087-86B8475E7F6F}.Release|Any CPU.ActiveCfg = Release|Any CPU
		{ADFDA6A8-7F5F-45AB-8087-86B8475E7F6F}.Release|Any CPU.Build.0 = Release|Any CPU
	EndGlobalSection
	GlobalSection(SolutionProperties) = preSolution
		HideSolutionNode = FALSE
	EndGlobalSection
	GlobalSection(NestedProjects) = preSolution
		{BA56EE28-B287-40ED-89ED-DF57AFE9DBD7} = {D6118CA8-C183-44B4-A9F3-E876795A22D7}
		{98DBBC2F-B0E5-4FB9-83B7-67D0D7CD5E3F} = {BA56EE28-B287-40ED-89ED-DF57AFE9DBD7}
		{6070A968-5D07-443B-9F04-BFB09E1FA42C} = {98DBBC2F-B0E5-4FB9-83B7-67D0D7CD5E3F}
		{1FBD2736-CA87-432D-9D20-543E5641D2AB} = {98DBBC2F-B0E5-4FB9-83B7-67D0D7CD5E3F}
		{3E523750-B247-4F05-89DB-95E4E983B91D} = {98DBBC2F-B0E5-4FB9-83B7-67D0D7CD5E3F}
		{2F00D057-7EEC-4469-AAB3-5656A730199F} = {98DBBC2F-B0E5-4FB9-83B7-67D0D7CD5E3F}
		{DF234D65-956A-4D24-9AFE-CEA9A8D02B0E} = {BA56EE28-B287-40ED-89ED-DF57AFE9DBD7}
		{89879489-EC85-46DA-886E-2FE024E5D1E3} = {DF234D65-956A-4D24-9AFE-CEA9A8D02B0E}
		{091AB34B-A778-456B-9DF9-63FD2A933D71} = {BA56EE28-B287-40ED-89ED-DF57AFE9DBD7}
		{4025DDEB-3338-4272-9FD9-ECA0320F0536} = {091AB34B-A778-456B-9DF9-63FD2A933D71}
		{4CE8B88B-2E57-4972-9D20-2CABB8BE0D0B} = {BA56EE28-B287-40ED-89ED-DF57AFE9DBD7}
		{B71BD70C-1113-4B9B-8B34-25E17D4F0DCC} = {4CE8B88B-2E57-4972-9D20-2CABB8BE0D0B}
		{91127747-8D62-4BD8-86D0-DDAD50892ED1} = {BA56EE28-B287-40ED-89ED-DF57AFE9DBD7}
		{0A459F1A-33DD-49B7-A04B-FA428F2A6F92} = {91127747-8D62-4BD8-86D0-DDAD50892ED1}
		{C8D302CE-DE37-4601-92A2-E62AEEDF99BF} = {BA3CD6B8-E665-4F6B-9B78-C2FB255B30FB}
		{DE1C0A58-A7E2-4D11-8F81-A955B75AB339} = {C8D302CE-DE37-4601-92A2-E62AEEDF99BF}
		{42E08E04-B92B-40CA-93DB-2DD647758258} = {DE1C0A58-A7E2-4D11-8F81-A955B75AB339}
		{53150857-70A1-450E-8E17-C2F930A4473E} = {DE1C0A58-A7E2-4D11-8F81-A955B75AB339}
		{13338DDE-E8FF-43D0-9A75-973F5EDFBC5F} = {BA3CD6B8-E665-4F6B-9B78-C2FB255B30FB}
		{F685EF5F-27E8-48E0-9A20-E76605DC89BB} = {13338DDE-E8FF-43D0-9A75-973F5EDFBC5F}
		{AA8291AC-F4CF-4F67-8436-0BC0E1B9EC02} = {F685EF5F-27E8-48E0-9A20-E76605DC89BB}
		{06C6E6B5-770A-4743-8B5A-3C16C73BA0A5} = {BA3CD6B8-E665-4F6B-9B78-C2FB255B30FB}
		{735BEC8B-55C2-4209-B70B-8F6580109532} = {06C6E6B5-770A-4743-8B5A-3C16C73BA0A5}
		{ADFDA6A8-7F5F-45AB-8087-86B8475E7F6F} = {735BEC8B-55C2-4209-B70B-8F6580109532}
	EndGlobalSection
	GlobalSection(ExtensibilityGlobals) = postSolution
		SolutionGuid = {C7C5BFD2-4E42-4D7C-A28D-318D395D8406}
	EndGlobalSection
EndGlobal
