
Microsoft Visual Studio Solution File, Format Version 12.00
# Visual Studio Version 17
VisualStudioVersion = 17.5.002.0
MinimumVisualStudioVersion = 10.0.40219.1
Project("{2150E333-8FDC-42A3-9474-1A3956D46DE8}") = "Basics", "Basics", "{D6118CA8-C183-44B4-A9F3-E876795A22D7}"
EndProject
Project("{2150E333-8FDC-42A3-9474-1A3956D46DE8}") = "Section 5", "Section 5", "{BA56EE28-B287-40ED-89ED-DF57AFE9DBD7}"
EndProject
Project("{2150E333-8FDC-42A3-9474-1A3956D46DE8}") = "Lesson 43", "Lesson 43", "{98DBBC2F-B0E5-4FB9-83B7-67D0D7CD5E3F}"
EndProject
Project("{9A19103F-16F7-4668-BE54-9A1E7A4F7556}") = "NumberBetween1And10", "Basics\Section 5\Lesson 43\NumberBetween1And10\NumberBetween1And10.csproj", "{6070A968-5D07-443B-9F04-BFB09E1FA42C}"
EndProject
Project("{FAE04EC0-301F-11D3-BF4B-00C04F79EFBC}") = "MaxOfTwoNumbers", "Basics\Section 5\Lesson 43\MaxOfTwoNumbers\MaxOfTwoNumbers.csproj", "{1FBD2736-CA87-432D-9D20-543E5641D2AB}"
EndProject
Project("{FAE04EC0-301F-11D3-BF4B-00C04F79EFBC}") = "ImageOrientation", "Basics\Section 5\Lesson 43\ImageOrientation\ImageOrientation.csproj", "{3E523750-B247-4F05-89DB-95E4E983B91D}"
EndProject
Project("{FAE04EC0-301F-11D3-BF4B-00C04F79EFBC}") = "SpeedCamera", "Basics\Section 5\Lesson 43\SpeedCamera\SpeedCamera.csproj", "{2F00D057-7EEC-4469-AAB3-5656A730199F}"
EndProject
Project("{2150E333-8FDC-42A3-9474-1A3956D46DE8}") = "Lesson 49", "Lesson 49", "{DF234D65-956A-4D24-9AFE-CEA9A8D02B0E}"
EndProject
Project("{FAE04EC0-301F-11D3-BF4B-00C04F79EFBC}") = "Loops", "Basics\Section 5\Lesson 49\Loops\Loops.csproj", "{89879489-EC85-46DA-886E-2FE024E5D1E3}"
EndProject
Project("{2150E333-8FDC-42A3-9474-1A3956D46DE8}") = "Lesson 56", "Lesson 56", "{091AB34B-A778-456B-9DF9-63FD2A933D71}"
EndProject
Project("{FAE04EC0-301F-11D3-BF4B-00C04F79EFBC}") = "ListAndArrays", "Basics\Section 5\Lesson 56\ListAndArrays\ListAndArrays.csproj", "{4025DDEB-3338-4272-9FD9-ECA0320F0536}"
EndProject
Global
	GlobalSection(SolutionConfigurationPlatforms) = preSolution
		Debug|Any CPU = Debug|Any CPU
		Release|Any CPU = Release|Any CPU
	EndGlobalSection
	GlobalSection(ProjectConfigurationPlatforms) = postSolution
		{6070A968-5D07-443B-9F04-BFB09E1FA42C}.Debug|Any CPU.ActiveCfg = Debug|Any CPU
		{6070A968-5D07-443B-9F04-BFB09E1FA42C}.Debug|Any CPU.Build.0 = Debug|Any CPU
		{6070A968-5D07-443B-9F04-BFB09E1FA42C}.Release|Any CPU.ActiveCfg = Release|Any CPU
		{6070A968-5D07-443B-9F04-BFB09E1FA42C}.Release|Any CPU.Build.0 = Release|Any CPU
		{1FBD2736-CA87-432D-9D20-543E5641D2AB}.Debug|Any CPU.ActiveCfg = Debug|Any CPU
		{1FBD2736-CA87-432D-9D20-543E5641D2AB}.Debug|Any CPU.Build.0 = Debug|Any CPU
		{1FBD2736-CA87-432D-9D20-543E5641D2AB}.Release|Any CPU.ActiveCfg = Release|Any CPU
		{1FBD2736-CA87-432D-9D20-543E5641D2AB}.Release|Any CPU.Build.0 = Release|Any CPU
		{3E523750-B247-4F05-89DB-95E4E983B91D}.Debug|Any CPU.ActiveCfg = Debug|Any CPU
		{3E523750-B247-4F05-89DB-95E4E983B91D}.Debug|Any CPU.Build.0 = Debug|Any CPU
		{3E523750-B247-4F05-89DB-95E4E983B91D}.Release|Any CPU.ActiveCfg = Release|Any CPU
		{3E523750-B247-4F05-89DB-95E4E983B91D}.Release|Any CPU.Build.0 = Release|Any CPU
		{2F00D057-7EEC-4469-AAB3-5656A730199F}.Debug|Any CPU.ActiveCfg = Debug|Any CPU
		{2F00D057-7EEC-4469-AAB3-5656A730199F}.Debug|Any CPU.Build.0 = Debug|Any CPU
		{2F00D057-7EEC-4469-AAB3-5656A730199F}.Release|Any CPU.ActiveCfg = Release|Any CPU
		{2F00D057-7EEC-4469-AAB3-5656A730199F}.Release|Any CPU.Build.0 = Release|Any CPU
		{89879489-EC85-46DA-886E-2FE024E5D1E3}.Debug|Any CPU.ActiveCfg = Debug|Any CPU
		{89879489-EC85-46DA-886E-2FE024E5D1E3}.Debug|Any CPU.Build.0 = Debug|Any CPU
		{89879489-EC85-46DA-886E-2FE024E5D1E3}.Release|Any CPU.ActiveCfg = Release|Any CPU
		{89879489-EC85-46DA-886E-2FE024E5D1E3}.Release|Any CPU.Build.0 = Release|Any CPU
		{4025DDEB-3338-4272-9FD9-ECA0320F0536}.Debug|Any CPU.ActiveCfg = Debug|Any CPU
		{4025DDEB-3338-4272-9FD9-ECA0320F0536}.Debug|Any CPU.Build.0 = Debug|Any CPU
		{4025DDEB-3338-4272-9FD9-ECA0320F0536}.Release|Any CPU.ActiveCfg = Release|Any CPU
		{4025DDEB-3338-4272-9FD9-ECA0320F0536}.Release|Any CPU.Build.0 = Release|Any CPU
	EndGlobalSection
	GlobalSection(SolutionProperties) = preSolution
		HideSolutionNode = FALSE
	EndGlobalSection
	GlobalSection(NestedProjects) = preSolution
		{BA56EE28-B287-40ED-89ED-DF57AFE9DBD7} = {D6118CA8-C183-44B4-A9F3-E876795A22D7}
		{98DBBC2F-B0E5-4FB9-83B7-67D0D7CD5E3F} = {BA56EE28-B287-40ED-89ED-DF57AFE9DBD7}
		{6070A968-5D07-443B-9F04-BFB09E1FA42C} = {98DBBC2F-B0E5-4FB9-83B7-67D0D7CD5E3F}
		{1FBD2736-CA87-432D-9D20-543E5641D2AB} = {98DBBC2F-B0E5-4FB9-83B7-67D0D7CD5E3F}
		{3E523750-B247-4F05-89DB-95E4E983B91D} = {98DBBC2F-B0E5-4FB9-83B7-67D0D7CD5E3F}
		{2F00D057-7EEC-4469-AAB3-5656A730199F} = {98DBBC2F-B0E5-4FB9-83B7-67D0D7CD5E3F}
		{DF234D65-956A-4D24-9AFE-CEA9A8D02B0E} = {BA56EE28-B287-40ED-89ED-DF57AFE9DBD7}
		{89879489-EC85-46DA-886E-2FE024E5D1E3} = {DF234D65-956A-4D24-9AFE-CEA9A8D02B0E}
		{091AB34B-A778-456B-9DF9-63FD2A933D71} = {BA56EE28-B287-40ED-89ED-DF57AFE9DBD7}
		{4025DDEB-3338-4272-9FD9-ECA0320F0536} = {091AB34B-A778-456B-9DF9-63FD2A933D71}
	EndGlobalSection
	GlobalSection(ExtensibilityGlobals) = postSolution
		SolutionGuid = {C7C5BFD2-4E42-4D7C-A28D-318D395D8406}
	EndGlobalSection
EndGlobal
