
Microsoft Visual Studio Solution File, Format Version 12.00
# Visual Studio Version 17
VisualStudioVersion = 17.5.002.0
MinimumVisualStudioVersion = 10.0.40219.1
Project("{9A19103F-16F7-4668-BE54-9A1E7A4F7556}") = "ManipulationWithString", "ManipulationWithString.csproj", "{EA187F20-156E-4229-96B1-39F304462CF5}"
EndProject
Global
	GlobalSection(SolutionConfigurationPlatforms) = preSolution
		Debug|Any CPU = Debug|Any CPU
		Release|Any CPU = Release|Any CPU
	EndGlobalSection
	GlobalSection(ProjectConfigurationPlatforms) = postSolution
		{EA187F20-156E-4229-96B1-39F304462CF5}.Debug|Any CPU.ActiveCfg = Debug|Any CPU
		{EA187F20-156E-4229-96B1-39F304462CF5}.Debug|Any CPU.Build.0 = Debug|Any CPU
		{EA187F20-156E-4229-96B1-39F304462CF5}.Release|Any CPU.ActiveCfg = Release|Any CPU
		{EA187F20-156E-4229-96B1-39F304462CF5}.Release|Any CPU.Build.0 = Release|Any CPU
	EndGlobalSection
	GlobalSection(SolutionProperties) = preSolution
		HideSolutionNode = FALSE
	EndGlobalSection
	GlobalSection(ExtensibilityGlobals) = postSolution
		SolutionGuid = {059D99AE-DB0E-4FD9-AF89-3D4535C3A572}
	EndGlobalSection
EndGlobal
