
Microsoft Visual Studio Solution File, Format Version 12.00
# Visual Studio Version 17
VisualStudioVersion = 17.5.002.0
MinimumVisualStudioVersion = 10.0.40219.1
Project("{9A19103F-16F7-4668-BE54-9A1E7A4F7556}") = "SumUpFirstNumbers", "SumUpFirstNumbers.csproj", "{154CD85C-3DA9-431B-A5A6-6F6C9D1DA855}"
EndProject
Global
	GlobalSection(SolutionConfigurationPlatforms) = preSolution
		Debug|Any CPU = Debug|Any CPU
		Release|Any CPU = Release|Any CPU
	EndGlobalSection
	GlobalSection(ProjectConfigurationPlatforms) = postSolution
		{154CD85C-3DA9-431B-A5A6-6F6C9D1DA855}.Debug|Any CPU.ActiveCfg = Debug|Any CPU
		{154CD85C-3DA9-431B-A5A6-6F6C9D1DA855}.Debug|Any CPU.Build.0 = Debug|Any CPU
		{154CD85C-3DA9-431B-A5A6-6F6C9D1DA855}.Release|Any CPU.ActiveCfg = Release|Any CPU
		{154CD85C-3DA9-431B-A5A6-6F6C9D1DA855}.Release|Any CPU.Build.0 = Release|Any CPU
	EndGlobalSection
	GlobalSection(SolutionProperties) = preSolution
		HideSolutionNode = FALSE
	EndGlobalSection
	GlobalSection(ExtensibilityGlobals) = postSolution
		SolutionGuid = {C6A01C77-9344-4029-A906-BA9943F6395A}
	EndGlobalSection
EndGlobal
