
Microsoft Visual Studio Solution File, Format Version 12.00
# Visual Studio Version 17
VisualStudioVersion = 17.5.002.0
MinimumVisualStudioVersion = 10.0.40219.1
Project("{9A19103F-16F7-4668-BE54-9A1E7A4F7556}") = "TwoCoins", "TwoCoins.csproj", "{35755A47-E192-4FEB-829A-E5B39D66D5E6}"
EndProject
Global
	GlobalSection(SolutionConfigurationPlatforms) = preSolution
		Debug|Any CPU = Debug|Any CPU
		Release|Any CPU = Release|Any CPU
	EndGlobalSection
	GlobalSection(ProjectConfigurationPlatforms) = postSolution
		{35755A47-E192-4FEB-829A-E5B39D66D5E6}.Debug|Any CPU.ActiveCfg = Debug|Any CPU
		{35755A47-E192-4FEB-829A-E5B39D66D5E6}.Debug|Any CPU.Build.0 = Debug|Any CPU
		{35755A47-E192-4FEB-829A-E5B39D66D5E6}.Release|Any CPU.ActiveCfg = Release|Any CPU
		{35755A47-E192-4FEB-829A-E5B39D66D5E6}.Release|Any CPU.Build.0 = Release|Any CPU
	EndGlobalSection
	GlobalSection(SolutionProperties) = preSolution
		HideSolutionNode = FALSE
	EndGlobalSection
	GlobalSection(ExtensibilityGlobals) = postSolution
		SolutionGuid = {729933DE-79FD-4E96-A9BC-A85C511B029B}
	EndGlobalSection
EndGlobal
