
Microsoft Visual Studio Solution File, Format Version 12.00
# Visual Studio Version 17
VisualStudioVersion = 17.13.35931.197
MinimumVisualStudioVersion = 10.0.40219.1
Project("{FAE04EC0-301F-11D3-BF4B-00C04F79EFBC}") = "LinqWithObjects", "LinqWithObjects\LinqWithObjects.csproj", "{26144A44-EF63-22BA-5C3B-D73299674891}"
EndProject
Project("{FAE04EC0-301F-11D3-BF4B-00C04F79EFBC}") = "Northwind.EntityModels", "Northwind.EntityModels\Northwind.EntityModels.csproj", "{50947867-E549-11B6-7E9A-5013B96B0D9F}"
EndProject
Project("{FAE04EC0-301F-11D3-BF4B-00C04F79EFBC}") = "WorkingWithEFCore", "WorkingWithEFCore\WorkingWithEFCore.csproj", "{4F8D6593-C595-C08D-74C6-A7E4F726869A}"
EndProject
Project("{FAE04EC0-301F-11D3-BF4B-00C04F79EFBC}") = "LinqWithEFCore", "LinqWithEFCore\LinqWithEFCore.csproj", "{A641D002-F443-6920-1B2F-85DD4BF1385C}"
EndProject
Global
	GlobalSection(SolutionConfigurationPlatforms) = preSolution
		Debug|Any CPU = Debug|Any CPU
		Release|Any CPU = Release|Any CPU
	EndGlobalSection
	GlobalSection(ProjectConfigurationPlatforms) = postSolution
		{26144A44-EF63-22BA-5C3B-D73299674891}.Debug|Any CPU.ActiveCfg = Debug|Any CPU
		{26144A44-EF63-22BA-5C3B-D73299674891}.Debug|Any CPU.Build.0 = Debug|Any CPU
		{26144A44-EF63-22BA-5C3B-D73299674891}.Release|Any CPU.ActiveCfg = Release|Any CPU
		{26144A44-EF63-22BA-5C3B-D73299674891}.Release|Any CPU.Build.0 = Release|Any CPU
		{50947867-E549-11B6-7E9A-5013B96B0D9F}.Debug|Any CPU.ActiveCfg = Debug|Any CPU
		{50947867-E549-11B6-7E9A-5013B96B0D9F}.Debug|Any CPU.Build.0 = Debug|Any CPU
		{50947867-E549-11B6-7E9A-5013B96B0D9F}.Release|Any CPU.ActiveCfg = Release|Any CPU
		{50947867-E549-11B6-7E9A-5013B96B0D9F}.Release|Any CPU.Build.0 = Release|Any CPU
		{4F8D6593-C595-C08D-74C6-A7E4F726869A}.Debug|Any CPU.ActiveCfg = Debug|Any CPU
		{4F8D6593-C595-C08D-74C6-A7E4F726869A}.Debug|Any CPU.Build.0 = Debug|Any CPU
		{4F8D6593-C595-C08D-74C6-A7E4F726869A}.Release|Any CPU.ActiveCfg = Release|Any CPU
		{4F8D6593-C595-C08D-74C6-A7E4F726869A}.Release|Any CPU.Build.0 = Release|Any CPU
		{A641D002-F443-6920-1B2F-85DD4BF1385C}.Debug|Any CPU.ActiveCfg = Debug|Any CPU
		{A641D002-F443-6920-1B2F-85DD4BF1385C}.Debug|Any CPU.Build.0 = Debug|Any CPU
		{A641D002-F443-6920-1B2F-85DD4BF1385C}.Release|Any CPU.ActiveCfg = Release|Any CPU
		{A641D002-F443-6920-1B2F-85DD4BF1385C}.Release|Any CPU.Build.0 = Release|Any CPU
	EndGlobalSection
	GlobalSection(SolutionProperties) = preSolution
		HideSolutionNode = FALSE
	EndGlobalSection
	GlobalSection(ExtensibilityGlobals) = postSolution
		SolutionGuid = {DC0DDD84-A281-4BA5-B36F-60F0F825B418}
	EndGlobalSection
EndGlobal
