
Microsoft Visual Studio Solution File, Format Version 12.00
# Visual Studio Version 17
VisualStudioVersion = 17.5.002.0
MinimumVisualStudioVersion = 10.0.40219.1
Project("{9A19103F-16F7-4668-BE54-9A1E7A4F7556}") = "ArrayCombineStrategy", "ArrayCombineStrategy.csproj", "{9BFDA2AE-4CC4-4A60-97E1-51DFBD61CCE6}"
EndProject
Global
	GlobalSection(SolutionConfigurationPlatforms) = preSolution
		Debug|Any CPU = Debug|Any CPU
		Release|Any CPU = Release|Any CPU
	EndGlobalSection
	GlobalSection(ProjectConfigurationPlatforms) = postSolution
		{9BFDA2AE-4CC4-4A60-97E1-51DFBD61CCE6}.Debug|Any CPU.ActiveCfg = Debug|Any CPU
		{9BFDA2AE-4CC4-4A60-97E1-51DFBD61CCE6}.Debug|Any CPU.Build.0 = Debug|Any CPU
		{9BFDA2AE-4CC4-4A60-97E1-51DFBD61CCE6}.Release|Any CPU.ActiveCfg = Release|Any CPU
		{9BFDA2AE-4CC4-4A60-97E1-51DFBD61CCE6}.Release|Any CPU.Build.0 = Release|Any CPU
	EndGlobalSection
	GlobalSection(SolutionProperties) = preSolution
		HideSolutionNode = FALSE
	EndGlobalSection
	GlobalSection(ExtensibilityGlobals) = postSolution
		SolutionGuid = {C50D6F86-A0F4-4566-9609-4E7BF1086041}
	EndGlobalSection
EndGlobal
