
Microsoft Visual Studio Solution File, Format Version 12.00
# Visual Studio Version 17
VisualStudioVersion = 17.5.002.0
MinimumVisualStudioVersion = 10.0.40219.1
Project("{9A19103F-16F7-4668-BE54-9A1E7A4F7556}") = "Instrumenting", "Instrumenting.csproj", "{A0F95010-1169-44F5-AF05-8B61FEFC573B}"
EndProject
Global
	GlobalSection(SolutionConfigurationPlatforms) = preSolution
		Debug|Any CPU = Debug|Any CPU
		Release|Any CPU = Release|Any CPU
	EndGlobalSection
	GlobalSection(ProjectConfigurationPlatforms) = postSolution
		{A0F95010-1169-44F5-AF05-8B61FEFC573B}.Debug|Any CPU.ActiveCfg = Debug|Any CPU
		{A0F95010-1169-44F5-AF05-8B61FEFC573B}.Debug|Any CPU.Build.0 = Debug|Any CPU
		{A0F95010-1169-44F5-AF05-8B61FEFC573B}.Release|Any CPU.ActiveCfg = Release|Any CPU
		{A0F95010-1169-44F5-AF05-8B61FEFC573B}.Release|Any CPU.Build.0 = Release|Any CPU
	EndGlobalSection
	GlobalSection(SolutionProperties) = preSolution
		HideSolutionNode = FALSE
	EndGlobalSection
	GlobalSection(ExtensibilityGlobals) = postSolution
		SolutionGuid = {31D12A40-9637-4D73-8D7F-052E18767FD9}
	EndGlobalSection
EndGlobal
