
Microsoft Visual Studio Solution File, Format Version 12.00
# Visual Studio Version 17
VisualStudioVersion = 17.5.002.0
MinimumVisualStudioVersion = 10.0.40219.1
Project("{9A19103F-16F7-4668-BE54-9A1E7A4F7556}") = "DependencyInjection", "DependencyInjection\DependencyInjection.csproj", "{5C3457A4-54FE-4368-89AE-64244BDB2525}"
EndProject
Global
	GlobalSection(SolutionConfigurationPlatforms) = preSolution
		Debug|Any CPU = Debug|Any CPU
		Release|Any CPU = Release|Any CPU
	EndGlobalSection
	GlobalSection(ProjectConfigurationPlatforms) = postSolution
		{5C3457A4-54FE-4368-89AE-64244BDB2525}.Debug|Any CPU.ActiveCfg = Debug|Any CPU
		{5C3457A4-54FE-4368-89AE-64244BDB2525}.Debug|Any CPU.Build.0 = Debug|Any CPU
		{5C3457A4-54FE-4368-89AE-64244BDB2525}.Release|Any CPU.ActiveCfg = Release|Any CPU
		{5C3457A4-54FE-4368-89AE-64244BDB2525}.Release|Any CPU.Build.0 = Release|Any CPU
	EndGlobalSection
	GlobalSection(SolutionProperties) = preSolution
		HideSolutionNode = FALSE
	EndGlobalSection
	GlobalSection(ExtensibilityGlobals) = postSolution
		SolutionGuid = {26CC2115-B923-423B-8FCB-61EBB475BCA2}
	EndGlobalSection
EndGlobal
