
Microsoft Visual Studio Solution File, Format Version 12.00
# Visual Studio Version 17
VisualStudioVersion = 17.5.002.0
MinimumVisualStudioVersion = 10.0.40219.1
Project("{2150E333-8FDC-42A3-9474-1A3956D46DE8}") = "LanguageBasics", "LanguageBasics", "{857172AC-43A8-4778-A554-5B73A0BAA1F9}"
EndProject
Project("{9A19103F-16F7-4668-BE54-9A1E7A4F7556}") = "FirstCSharpProgram", "Language Basics\FirstCSharpProgram\FirstCSharpProgram.csproj", "{1D8DC810-411C-479B-938B-F9A1A1DAFC8F}"
EndProject
Project("{FAE04EC0-301F-11D3-BF4B-00C04F79EFBC}") = "PredefinedTypes", "Language Basics\PredefinedTypes\PredefinedTypes.csproj", "{B73C46E2-C9FC-405F-9012-939F575CDA68}"
EndProject
Project("{FAE04EC0-301F-11D3-BF4B-00C04F79EFBC}") = "CustomTypes", "Language Basics\CustomTypes\CustomTypes.csproj", "{9BB323E3-C1BD-40FA-A9E4-DAC6387BBA9A}"
EndProject
Project("{FAE04EC0-301F-11D3-BF4B-00C04F79EFBC}") = "InstanceVersusStaticMembers", "Language Basics\InstanceVersusStaticMembers\InstanceVersusStaticMembers.csproj", "{2BDAAEA7-C341-402E-A4E0-9808A8E660CC}"
EndProject
Project("{FAE04EC0-301F-11D3-BF4B-00C04F79EFBC}") = "TypesConversions", "Language Basics\TypesConversions\TypesConversions.csproj", "{49795DFB-5A90-4A41-892F-DE60DE95F56C}"
EndProject
Project("{FAE04EC0-301F-11D3-BF4B-00C04F79EFBC}") = "StringType", "Language Basics\StringType\StringType.csproj", "{F14401CB-FAEA-410B-AC08-821D98D37454}"
EndProject
Project("{FAE04EC0-301F-11D3-BF4B-00C04F79EFBC}") = "Arrays", "Language Basics\Arrays\Arrays.csproj", "{A92F3DFF-E310-41E9-8260-67388CA79C04}"
EndProject
Project("{FAE04EC0-301F-11D3-BF4B-00C04F79EFBC}") = "VariablesAndParameters", "Language Basics\VariablesAndParameters\VariablesAndParameters.csproj", "{80E101C9-96FC-4880-9C30-7D9313153B4F}"
EndProject
Project("{FAE04EC0-301F-11D3-BF4B-00C04F79EFBC}") = "NullOperators", "Language Basics\NullOperators\NullOperators.csproj", "{92D402BC-F546-4B2E-B591-D948F9AA06FC}"
EndProject
Project("{FAE04EC0-301F-11D3-BF4B-00C04F79EFBC}") = "Statements", "Language Basics\Statements\Statements.csproj", "{800B9668-03F6-4F32-9192-5034121EE3FF}"
EndProject
Project("{2150E333-8FDC-42A3-9474-1A3956D46DE8}") = "CreatingTypes", "CreatingTypes", "{DDE391C7-A170-4322-B87D-C2A71AFAFFEA}"
EndProject
Project("{FAE04EC0-301F-11D3-BF4B-00C04F79EFBC}") = "Classes", "CreatingTypes\Classes\Classes.csproj", "{597B9231-77C4-4F8B-A1D6-76FF88F24E6F}"
EndProject
Project("{FAE04EC0-301F-11D3-BF4B-00C04F79EFBC}") = "Inheritance", "CreatingTypes\Inheritance\Inheritance.csproj", "{4BDB890C-A511-47DB-93DA-98F6295F3E36}"
EndProject
Project("{2150E333-8FDC-42A3-9474-1A3956D46DE8}") = "AdvancedcSharp", "AdvancedcSharp", "{3F2A11AE-7314-4885-B1F0-79C480DE6177}"
EndProject
Project("{FAE04EC0-301F-11D3-BF4B-00C04F79EFBC}") = "Delegates", "AdvancedcSharp\Delegates\Delegates.csproj", "{DC901A52-7C4B-43F1-A6A5-A71B1C666225}"
EndProject
Project("{FAE04EC0-301F-11D3-BF4B-00C04F79EFBC}") = "Events", "AdvancedcSharp\Events\Events.csproj", "{255B4931-94FD-4CCD-905F-90D9340B39F4}"
EndProject
Project("{FAE04EC0-301F-11D3-BF4B-00C04F79EFBC}") = "EnumerationAndIterators", "AdvancedcSharp\EnumerationAndIterators\EnumerationAndIterators.csproj", "{68AB82C3-FD4A-47E9-AF1F-34F048FA8135}"
EndProject
Global
	GlobalSection(SolutionConfigurationPlatforms) = preSolution
		Debug|Any CPU = Debug|Any CPU
		Release|Any CPU = Release|Any CPU
	EndGlobalSection
	GlobalSection(ProjectConfigurationPlatforms) = postSolution
		{1D8DC810-411C-479B-938B-F9A1A1DAFC8F}.Debug|Any CPU.ActiveCfg = Debug|Any CPU
		{1D8DC810-411C-479B-938B-F9A1A1DAFC8F}.Debug|Any CPU.Build.0 = Debug|Any CPU
		{1D8DC810-411C-479B-938B-F9A1A1DAFC8F}.Release|Any CPU.ActiveCfg = Release|Any CPU
		{1D8DC810-411C-479B-938B-F9A1A1DAFC8F}.Release|Any CPU.Build.0 = Release|Any CPU
		{B73C46E2-C9FC-405F-9012-939F575CDA68}.Debug|Any CPU.ActiveCfg = Debug|Any CPU
		{B73C46E2-C9FC-405F-9012-939F575CDA68}.Debug|Any CPU.Build.0 = Debug|Any CPU
		{B73C46E2-C9FC-405F-9012-939F575CDA68}.Release|Any CPU.ActiveCfg = Release|Any CPU
		{B73C46E2-C9FC-405F-9012-939F575CDA68}.Release|Any CPU.Build.0 = Release|Any CPU
		{9BB323E3-C1BD-40FA-A9E4-DAC6387BBA9A}.Debug|Any CPU.ActiveCfg = Debug|Any CPU
		{9BB323E3-C1BD-40FA-A9E4-DAC6387BBA9A}.Debug|Any CPU.Build.0 = Debug|Any CPU
		{9BB323E3-C1BD-40FA-A9E4-DAC6387BBA9A}.Release|Any CPU.ActiveCfg = Release|Any CPU
		{9BB323E3-C1BD-40FA-A9E4-DAC6387BBA9A}.Release|Any CPU.Build.0 = Release|Any CPU
		{2BDAAEA7-C341-402E-A4E0-9808A8E660CC}.Debug|Any CPU.ActiveCfg = Debug|Any CPU
		{2BDAAEA7-C341-402E-A4E0-9808A8E660CC}.Debug|Any CPU.Build.0 = Debug|Any CPU
		{2BDAAEA7-C341-402E-A4E0-9808A8E660CC}.Release|Any CPU.ActiveCfg = Release|Any CPU
		{2BDAAEA7-C341-402E-A4E0-9808A8E660CC}.Release|Any CPU.Build.0 = Release|Any CPU
		{49795DFB-5A90-4A41-892F-DE60DE95F56C}.Debug|Any CPU.ActiveCfg = Debug|Any CPU
		{49795DFB-5A90-4A41-892F-DE60DE95F56C}.Debug|Any CPU.Build.0 = Debug|Any CPU
		{49795DFB-5A90-4A41-892F-DE60DE95F56C}.Release|Any CPU.ActiveCfg = Release|Any CPU
		{49795DFB-5A90-4A41-892F-DE60DE95F56C}.Release|Any CPU.Build.0 = Release|Any CPU
		{F14401CB-FAEA-410B-AC08-821D98D37454}.Debug|Any CPU.ActiveCfg = Debug|Any CPU
		{F14401CB-FAEA-410B-AC08-821D98D37454}.Debug|Any CPU.Build.0 = Debug|Any CPU
		{F14401CB-FAEA-410B-AC08-821D98D37454}.Release|Any CPU.ActiveCfg = Release|Any CPU
		{F14401CB-FAEA-410B-AC08-821D98D37454}.Release|Any CPU.Build.0 = Release|Any CPU
		{A92F3DFF-E310-41E9-8260-67388CA79C04}.Debug|Any CPU.ActiveCfg = Debug|Any CPU
		{A92F3DFF-E310-41E9-8260-67388CA79C04}.Debug|Any CPU.Build.0 = Debug|Any CPU
		{A92F3DFF-E310-41E9-8260-67388CA79C04}.Release|Any CPU.ActiveCfg = Release|Any CPU
		{A92F3DFF-E310-41E9-8260-67388CA79C04}.Release|Any CPU.Build.0 = Release|Any CPU
		{80E101C9-96FC-4880-9C30-7D9313153B4F}.Debug|Any CPU.ActiveCfg = Debug|Any CPU
		{80E101C9-96FC-4880-9C30-7D9313153B4F}.Debug|Any CPU.Build.0 = Debug|Any CPU
		{80E101C9-96FC-4880-9C30-7D9313153B4F}.Release|Any CPU.ActiveCfg = Release|Any CPU
		{80E101C9-96FC-4880-9C30-7D9313153B4F}.Release|Any CPU.Build.0 = Release|Any CPU
		{92D402BC-F546-4B2E-B591-D948F9AA06FC}.Debug|Any CPU.ActiveCfg = Debug|Any CPU
		{92D402BC-F546-4B2E-B591-D948F9AA06FC}.Debug|Any CPU.Build.0 = Debug|Any CPU
		{92D402BC-F546-4B2E-B591-D948F9AA06FC}.Release|Any CPU.ActiveCfg = Release|Any CPU
		{92D402BC-F546-4B2E-B591-D948F9AA06FC}.Release|Any CPU.Build.0 = Release|Any CPU
		{800B9668-03F6-4F32-9192-5034121EE3FF}.Debug|Any CPU.ActiveCfg = Debug|Any CPU
		{800B9668-03F6-4F32-9192-5034121EE3FF}.Debug|Any CPU.Build.0 = Debug|Any CPU
		{800B9668-03F6-4F32-9192-5034121EE3FF}.Release|Any CPU.ActiveCfg = Release|Any CPU
		{800B9668-03F6-4F32-9192-5034121EE3FF}.Release|Any CPU.Build.0 = Release|Any CPU
		{597B9231-77C4-4F8B-A1D6-76FF88F24E6F}.Debug|Any CPU.ActiveCfg = Debug|Any CPU
		{597B9231-77C4-4F8B-A1D6-76FF88F24E6F}.Debug|Any CPU.Build.0 = Debug|Any CPU
		{597B9231-77C4-4F8B-A1D6-76FF88F24E6F}.Release|Any CPU.ActiveCfg = Release|Any CPU
		{597B9231-77C4-4F8B-A1D6-76FF88F24E6F}.Release|Any CPU.Build.0 = Release|Any CPU
		{4BDB890C-A511-47DB-93DA-98F6295F3E36}.Debug|Any CPU.ActiveCfg = Debug|Any CPU
		{4BDB890C-A511-47DB-93DA-98F6295F3E36}.Debug|Any CPU.Build.0 = Debug|Any CPU
		{4BDB890C-A511-47DB-93DA-98F6295F3E36}.Release|Any CPU.ActiveCfg = Release|Any CPU
		{4BDB890C-A511-47DB-93DA-98F6295F3E36}.Release|Any CPU.Build.0 = Release|Any CPU
		{DC901A52-7C4B-43F1-A6A5-A71B1C666225}.Debug|Any CPU.ActiveCfg = Debug|Any CPU
		{DC901A52-7C4B-43F1-A6A5-A71B1C666225}.Debug|Any CPU.Build.0 = Debug|Any CPU
		{DC901A52-7C4B-43F1-A6A5-A71B1C666225}.Release|Any CPU.ActiveCfg = Release|Any CPU
		{DC901A52-7C4B-43F1-A6A5-A71B1C666225}.Release|Any CPU.Build.0 = Release|Any CPU
		{255B4931-94FD-4CCD-905F-90D9340B39F4}.Debug|Any CPU.ActiveCfg = Debug|Any CPU
		{255B4931-94FD-4CCD-905F-90D9340B39F4}.Debug|Any CPU.Build.0 = Debug|Any CPU
		{255B4931-94FD-4CCD-905F-90D9340B39F4}.Release|Any CPU.ActiveCfg = Release|Any CPU
		{255B4931-94FD-4CCD-905F-90D9340B39F4}.Release|Any CPU.Build.0 = Release|Any CPU
		{68AB82C3-FD4A-47E9-AF1F-34F048FA8135}.Debug|Any CPU.ActiveCfg = Debug|Any CPU
		{68AB82C3-FD4A-47E9-AF1F-34F048FA8135}.Debug|Any CPU.Build.0 = Debug|Any CPU
		{68AB82C3-FD4A-47E9-AF1F-34F048FA8135}.Release|Any CPU.ActiveCfg = Release|Any CPU
		{68AB82C3-FD4A-47E9-AF1F-34F048FA8135}.Release|Any CPU.Build.0 = Release|Any CPU
	EndGlobalSection
	GlobalSection(SolutionProperties) = preSolution
		HideSolutionNode = FALSE
	EndGlobalSection
	GlobalSection(NestedProjects) = preSolution
		{1D8DC810-411C-479B-938B-F9A1A1DAFC8F} = {857172AC-43A8-4778-A554-5B73A0BAA1F9}
		{B73C46E2-C9FC-405F-9012-939F575CDA68} = {857172AC-43A8-4778-A554-5B73A0BAA1F9}
		{9BB323E3-C1BD-40FA-A9E4-DAC6387BBA9A} = {857172AC-43A8-4778-A554-5B73A0BAA1F9}
		{2BDAAEA7-C341-402E-A4E0-9808A8E660CC} = {857172AC-43A8-4778-A554-5B73A0BAA1F9}
		{49795DFB-5A90-4A41-892F-DE60DE95F56C} = {857172AC-43A8-4778-A554-5B73A0BAA1F9}
		{F14401CB-FAEA-410B-AC08-821D98D37454} = {857172AC-43A8-4778-A554-5B73A0BAA1F9}
		{A92F3DFF-E310-41E9-8260-67388CA79C04} = {857172AC-43A8-4778-A554-5B73A0BAA1F9}
		{80E101C9-96FC-4880-9C30-7D9313153B4F} = {857172AC-43A8-4778-A554-5B73A0BAA1F9}
		{92D402BC-F546-4B2E-B591-D948F9AA06FC} = {857172AC-43A8-4778-A554-5B73A0BAA1F9}
		{800B9668-03F6-4F32-9192-5034121EE3FF} = {857172AC-43A8-4778-A554-5B73A0BAA1F9}
		{597B9231-77C4-4F8B-A1D6-76FF88F24E6F} = {DDE391C7-A170-4322-B87D-C2A71AFAFFEA}
		{4BDB890C-A511-47DB-93DA-98F6295F3E36} = {DDE391C7-A170-4322-B87D-C2A71AFAFFEA}
		{DC901A52-7C4B-43F1-A6A5-A71B1C666225} = {3F2A11AE-7314-4885-B1F0-79C480DE6177}
		{255B4931-94FD-4CCD-905F-90D9340B39F4} = {3F2A11AE-7314-4885-B1F0-79C480DE6177}
		{68AB82C3-FD4A-47E9-AF1F-34F048FA8135} = {3F2A11AE-7314-4885-B1F0-79C480DE6177}
	EndGlobalSection
	GlobalSection(ExtensibilityGlobals) = postSolution
		SolutionGuid = {52F3BF87-740B-465A-B4AD-7C0DBEB7EBDE}
	EndGlobalSection
EndGlobal
