
Microsoft Visual Studio Solution File, Format Version 12.00
# Visual Studio Version 17
VisualStudioVersion = 17.5.002.0
MinimumVisualStudioVersion = 10.0.40219.1
Project("{2150E333-8FDC-42A3-9474-1A3956D46DE8}") = "Language Basics", "Language Basics", "{857172AC-43A8-4778-A554-5B73A0BAA1F9}"
EndProject
Project("{9A19103F-16F7-4668-BE54-9A1E7A4F7556}") = "FirstCSharpProgram", "Language Basics\FirstCSharpProgram\FirstCSharpProgram.csproj", "{1D8DC810-411C-479B-938B-F9A1A1DAFC8F}"
EndProject
Global
	GlobalSection(SolutionConfigurationPlatforms) = preSolution
		Debug|Any CPU = Debug|Any CPU
		Release|Any CPU = Release|Any CPU
	EndGlobalSection
	GlobalSection(ProjectConfigurationPlatforms) = postSolution
		{1D8DC810-411C-479B-938B-F9A1A1DAFC8F}.Debug|Any CPU.ActiveCfg = Debug|Any CPU
		{1D8DC810-411C-479B-938B-F9A1A1DAFC8F}.Debug|Any CPU.Build.0 = Debug|Any CPU
		{1D8DC810-411C-479B-938B-F9A1A1DAFC8F}.Release|Any CPU.ActiveCfg = Release|Any CPU
		{1D8DC810-411C-479B-938B-F9A1A1DAFC8F}.Release|Any CPU.Build.0 = Release|Any CPU
	EndGlobalSection
	GlobalSection(SolutionProperties) = preSolution
		HideSolutionNode = FALSE
	EndGlobalSection
	GlobalSection(NestedProjects) = preSolution
		{1D8DC810-411C-479B-938B-F9A1A1DAFC8F} = {857172AC-43A8-4778-A554-5B73A0BAA1F9}
	EndGlobalSection
	GlobalSection(ExtensibilityGlobals) = postSolution
		SolutionGuid = {52F3BF87-740B-465A-B4AD-7C0DBEB7EBDE}
	EndGlobalSection
EndGlobal
