
Microsoft Visual Studio Solution File, Format Version 12.00
# Visual Studio Version 17
VisualStudioVersion = 17.5.002.0
MinimumVisualStudioVersion = 10.0.40219.1
Project("{9A19103F-16F7-4668-BE54-9A1E7A4F7556}") = "FirstCProgram", "FirstCProgram\FirstCProgram.csproj", "{217FEA9B-0D47-4B18-98F9-6BDE1A31DFC2}"
EndProject
Project("{FAE04EC0-301F-11D3-BF4B-00C04F79EFBC}") = "Convertor", "Convertor\Convertor.csproj", "{F336357C-F7B2-432B-A5B7-540D18541675}"
EndProject
Project("{FAE04EC0-301F-11D3-BF4B-00C04F79EFBC}") = "PandaPopulation", "PandaPopulation\PandaPopulation.csproj", "{327EFAF6-6AC0-4EE5-AB73-85E8C207F6B9}"
EndProject
Project("{FAE04EC0-301F-11D3-BF4B-00C04F79EFBC}") = "ParamsModifier", "ParamsModifier\ParamsModifier.csproj", "{6516DD82-BF3C-47C9-A423-CD01C709C4FE}"
EndProject
Project("{FAE04EC0-301F-11D3-BF4B-00C04F79EFBC}") = "Indexers", "Indexers\Indexers.csproj", "{FB87FC35-A056-443E-B799-8D103F3E5C8B}"
EndProject
Project("{FAE04EC0-301F-11D3-BF4B-00C04F79EFBC}") = "NewOverride", "NewOverride\NewOverride.csproj", "{77A9EF13-0967-45E6-97C3-7EBE4883FE48}"
EndProject
Project("{FAE04EC0-301F-11D3-BF4B-00C04F79EFBC}") = "ExternModifier", "ExternModifier\ExternModifier.csproj", "{7B7A63E5-FD6E-4990-B050-18D4573FD15E}"
EndProject
Global
	GlobalSection(SolutionConfigurationPlatforms) = preSolution
		Debug|Any CPU = Debug|Any CPU
		Release|Any CPU = Release|Any CPU
	EndGlobalSection
	GlobalSection(ProjectConfigurationPlatforms) = postSolution
		{217FEA9B-0D47-4B18-98F9-6BDE1A31DFC2}.Debug|Any CPU.ActiveCfg = Debug|Any CPU
		{217FEA9B-0D47-4B18-98F9-6BDE1A31DFC2}.Debug|Any CPU.Build.0 = Debug|Any CPU
		{217FEA9B-0D47-4B18-98F9-6BDE1A31DFC2}.Release|Any CPU.ActiveCfg = Release|Any CPU
		{217FEA9B-0D47-4B18-98F9-6BDE1A31DFC2}.Release|Any CPU.Build.0 = Release|Any CPU
		{F336357C-F7B2-432B-A5B7-540D18541675}.Debug|Any CPU.ActiveCfg = Debug|Any CPU
		{F336357C-F7B2-432B-A5B7-540D18541675}.Debug|Any CPU.Build.0 = Debug|Any CPU
		{F336357C-F7B2-432B-A5B7-540D18541675}.Release|Any CPU.ActiveCfg = Release|Any CPU
		{F336357C-F7B2-432B-A5B7-540D18541675}.Release|Any CPU.Build.0 = Release|Any CPU
		{327EFAF6-6AC0-4EE5-AB73-85E8C207F6B9}.Debug|Any CPU.ActiveCfg = Debug|Any CPU
		{327EFAF6-6AC0-4EE5-AB73-85E8C207F6B9}.Debug|Any CPU.Build.0 = Debug|Any CPU
		{327EFAF6-6AC0-4EE5-AB73-85E8C207F6B9}.Release|Any CPU.ActiveCfg = Release|Any CPU
		{327EFAF6-6AC0-4EE5-AB73-85E8C207F6B9}.Release|Any CPU.Build.0 = Release|Any CPU
		{6516DD82-BF3C-47C9-A423-CD01C709C4FE}.Debug|Any CPU.ActiveCfg = Debug|Any CPU
		{6516DD82-BF3C-47C9-A423-CD01C709C4FE}.Debug|Any CPU.Build.0 = Debug|Any CPU
		{6516DD82-BF3C-47C9-A423-CD01C709C4FE}.Release|Any CPU.ActiveCfg = Release|Any CPU
		{6516DD82-BF3C-47C9-A423-CD01C709C4FE}.Release|Any CPU.Build.0 = Release|Any CPU
		{FB87FC35-A056-443E-B799-8D103F3E5C8B}.Debug|Any CPU.ActiveCfg = Debug|Any CPU
		{FB87FC35-A056-443E-B799-8D103F3E5C8B}.Debug|Any CPU.Build.0 = Debug|Any CPU
		{FB87FC35-A056-443E-B799-8D103F3E5C8B}.Release|Any CPU.ActiveCfg = Release|Any CPU
		{FB87FC35-A056-443E-B799-8D103F3E5C8B}.Release|Any CPU.Build.0 = Release|Any CPU
		{77A9EF13-0967-45E6-97C3-7EBE4883FE48}.Debug|Any CPU.ActiveCfg = Debug|Any CPU
		{77A9EF13-0967-45E6-97C3-7EBE4883FE48}.Debug|Any CPU.Build.0 = Debug|Any CPU
		{77A9EF13-0967-45E6-97C3-7EBE4883FE48}.Release|Any CPU.ActiveCfg = Release|Any CPU
		{77A9EF13-0967-45E6-97C3-7EBE4883FE48}.Release|Any CPU.Build.0 = Release|Any CPU
		{7B7A63E5-FD6E-4990-B050-18D4573FD15E}.Debug|Any CPU.ActiveCfg = Debug|Any CPU
		{7B7A63E5-FD6E-4990-B050-18D4573FD15E}.Debug|Any CPU.Build.0 = Debug|Any CPU
		{7B7A63E5-FD6E-4990-B050-18D4573FD15E}.Release|Any CPU.ActiveCfg = Release|Any CPU
		{7B7A63E5-FD6E-4990-B050-18D4573FD15E}.Release|Any CPU.Build.0 = Release|Any CPU
	EndGlobalSection
	GlobalSection(SolutionProperties) = preSolution
		HideSolutionNode = FALSE
	EndGlobalSection
	GlobalSection(ExtensibilityGlobals) = postSolution
		SolutionGuid = {49A6817F-AA71-49BD-8F6E-42F96C04CF15}
	EndGlobalSection
EndGlobal
